<?xml version="1.0" encoding="utf-8"?>
<Project ToolsVersion="4.0" xmlns="http://schemas.microsoft.com/developer/msbuild/2003">
  <ItemGroup>
    <Filter Include="Source Files">
      <UniqueIdentifier>{4FC737F1-C7A5-4376-A066-2A32D752A2FF}</UniqueIdentifier>
      <Extensions>cpp;c;cc;cxx;def;odl;idl;hpj;bat;asm;asmx</Extensions>
    </Filter>
    <Filter Include="Header Files">
      <UniqueIdentifier>{93995380-89BD-4b04-88EB-625FBE52EBFB}</UniqueIdentifier>
      <Extensions>h;hh;hpp;hxx;hm;inl;inc;ipp;xsd</Extensions>
    </Filter>
    <Filter Include="Resource Files">
      <UniqueIdentifier>{67DA6AB6-F800-4c08-8B7A-83BB121AAD01}</UniqueIdentifier>
      <Extensions>rc;ico;cur;bmp;dlg;rc2;rct;bin;rgs;gif;jpg;jpeg;jpe;resx;tiff;tif;png;wav;mfcribbon-ms</Extensions>
    </Filter>
    <Filter Include="Source Files\ext">
      <UniqueIdentifier>{ecf9b5be-dba0-416e-91e5-18488481fe03}</UniqueIdentifier>
    </Filter>
    <Filter Include="Source Files\ext\freetype">
      <UniqueIdentifier>{fbeced45-bc30-420a-a966-68e8e4f6c1c1}</UniqueIdentifier>
    </Filter>
    <Filter Include="Source Files\ext\freetype\src">
      <UniqueIdentifier>{8cc280a1-bf0b-4587-aacf-092b7b189c37}</UniqueIdentifier>
    </Filter>
    <Filter Include="Source Files\ext\freetype\src\FT_MODULES">
      <UniqueIdentifier>{55019df2-71d7-4360-8677-bb60a3f5aa62}</UniqueIdentifier>
    </Filter>
    <Filter Include="Source Files\ext\freetype-gl">
      <UniqueIdentifier>{1d4eb482-e059-49b0-8b1c-a813d68a77d6}</UniqueIdentifier>
    </Filter>
    <Filter Include="Header Files\ext">
      <UniqueIdentifier>{5227f08a-058f-455a-81b5-3ddd41853371}</UniqueIdentifier>
    </Filter>
    <Filter Include="Header Files\ext\freetype">
      <UniqueIdentifier>{f80581be-95bd-48ff-8d63-052eba5562bc}</UniqueIdentifier>
    </Filter>
    <Filter Include="Header Files\ext\freetype-gl">
      <UniqueIdentifier>{1a9e735f-23e2-44ab-88bf-6e0aa6c48522}</UniqueIdentifier>
    </Filter>
    <Filter Include="Header Files\graphics">
      <UniqueIdentifier>{0f885e6d-2114-45d9-8de8-6050c7af3862}</UniqueIdentifier>
    </Filter>
    <Filter Include="Header Files\graphics\font">
      <UniqueIdentifier>{8567266c-7317-43b9-988f-35a6e30130da}</UniqueIdentifier>
    </Filter>
    <Filter Include="Header Files\input">
      <UniqueIdentifier>{7d2605ae-99b7-4d32-96c3-8522fba80b2b}</UniqueIdentifier>
    </Filter>
    <Filter Include="Header Files\math">
      <UniqueIdentifier>{2f59cc60-3357-40f9-ab32-3691d7c509da}</UniqueIdentifier>
    </Filter>
    <Filter Include="Header Files\utils">
      <UniqueIdentifier>{4a23a6f3-d407-4767-86e5-5b6e89ad233d}</UniqueIdentifier>
    </Filter>
    <Filter Include="Header Files\graphics\buffers">
      <UniqueIdentifier>{f0943697-944b-492d-82aa-b73a2f2ba540}</UniqueIdentifier>
    </Filter>
    <Filter Include="Header Files\graphics\layers">
      <UniqueIdentifier>{9e244d47-1b26-4ed1-81cb-bb8153fb77f6}</UniqueIdentifier>
    </Filter>
    <Filter Include="Source Files\graphics">
      <UniqueIdentifier>{b28ed0d4-bf92-4e64-8fd4-4de692f62795}</UniqueIdentifier>
    </Filter>
    <Filter Include="Source Files\math">
      <UniqueIdentifier>{b8fce024-06e6-4b4d-90c4-9aa74d341e7a}</UniqueIdentifier>
    </Filter>
    <Filter Include="Header Files\graphics\renderables">
      <UniqueIdentifier>{fa7c90f1-6443-4e99-aac0-2056401c114f}</UniqueIdentifier>
    </Filter>
    <Filter Include="Header Files\graphics\renderers">
      <UniqueIdentifier>{93922fb4-7652-4d4d-8857-4d811b291730}</UniqueIdentifier>
    </Filter>
    <Filter Include="Shaders">
      <UniqueIdentifier>{0f9b0c07-cc53-46d1-9e6e-c2212996d320}</UniqueIdentifier>
    </Filter>
    <Filter Include="Header Files\ext\gorilla-audio">
      <UniqueIdentifier>{2e8209c8-7bcb-49d2-9350-244be28c1e6b}</UniqueIdentifier>
    </Filter>
    <Filter Include="Source Files\ext\gorilla-audio">
      <UniqueIdentifier>{c69efb50-a5ff-4971-8ad0-a08f74e9e45f}</UniqueIdentifier>
    </Filter>
    <Filter Include="Header Files\ext\gorilla-audio\ext">
      <UniqueIdentifier>{d13290ff-0018-4d72-89af-9e9ed64d7cde}</UniqueIdentifier>
    </Filter>
    <Filter Include="Source Files\ext\gorilla-audio\ext">
      <UniqueIdentifier>{b906cc71-0399-44fe-981d-35f1f0beceda}</UniqueIdentifier>
    </Filter>
    <Filter Include="Source Files\ext\glad">
      <UniqueIdentifier>{58992346-1c6b-4ec7-b1fa-64dbf3a9111c}</UniqueIdentifier>
    </Filter>
  </ItemGroup>
  <ItemGroup>
    <ClCompile Include="ext\freetype\src\base\ftbbox.c">
      <Filter>Source Files\ext\freetype\src\FT_MODULES</Filter>
    </ClCompile>
    <ClCompile Include="ext\freetype\src\base\ftbdf.c">
      <Filter>Source Files\ext\freetype\src\FT_MODULES</Filter>
    </ClCompile>
    <ClCompile Include="ext\freetype\src\base\ftbitmap.c">
      <Filter>Source Files\ext\freetype\src\FT_MODULES</Filter>
    </ClCompile>
    <ClCompile Include="ext\freetype\src\base\ftcid.c">
      <Filter>Source Files\ext\freetype\src\FT_MODULES</Filter>
    </ClCompile>
    <ClCompile Include="ext\freetype\src\base\ftfstype.c">
      <Filter>Source Files\ext\freetype\src\FT_MODULES</Filter>
    </ClCompile>
    <ClCompile Include="ext\freetype\src\base\ftgasp.c">
      <Filter>Source Files\ext\freetype\src\FT_MODULES</Filter>
    </ClCompile>
    <ClCompile Include="ext\freetype\src\base\ftglyph.c">
      <Filter>Source Files\ext\freetype\src\FT_MODULES</Filter>
    </ClCompile>
    <ClCompile Include="ext\freetype\src\base\ftgxval.c">
      <Filter>Source Files\ext\freetype\src\FT_MODULES</Filter>
    </ClCompile>
    <ClCompile Include="ext\freetype\src\base\ftmm.c">
      <Filter>Source Files\ext\freetype\src\FT_MODULES</Filter>
    </ClCompile>
    <ClCompile Include="ext\freetype\src\base\ftotval.c">
      <Filter>Source Files\ext\freetype\src\FT_MODULES</Filter>
    </ClCompile>
    <ClCompile Include="ext\freetype\src\base\ftpatent.c">
      <Filter>Source Files\ext\freetype\src\FT_MODULES</Filter>
    </ClCompile>
    <ClCompile Include="ext\freetype\src\base\ftpfr.c">
      <Filter>Source Files\ext\freetype\src\FT_MODULES</Filter>
    </ClCompile>
    <ClCompile Include="ext\freetype\src\base\ftstroke.c">
      <Filter>Source Files\ext\freetype\src\FT_MODULES</Filter>
    </ClCompile>
    <ClCompile Include="ext\freetype\src\base\ftsynth.c">
      <Filter>Source Files\ext\freetype\src\FT_MODULES</Filter>
    </ClCompile>
    <ClCompile Include="ext\freetype\src\base\fttype1.c">
      <Filter>Source Files\ext\freetype\src\FT_MODULES</Filter>
    </ClCompile>
    <ClCompile Include="ext\freetype\src\base\ftwinfnt.c">
      <Filter>Source Files\ext\freetype\src\FT_MODULES</Filter>
    </ClCompile>
    <ClCompile Include="ext\freetype\src\autofit\autofit.c">
      <Filter>Source Files\ext\freetype\src</Filter>
    </ClCompile>
    <ClCompile Include="ext\freetype\src\bdf\bdf.c">
      <Filter>Source Files\ext\freetype\src</Filter>
    </ClCompile>
    <ClCompile Include="ext\freetype\src\cff\cff.c">
      <Filter>Source Files\ext\freetype\src</Filter>
    </ClCompile>
    <ClCompile Include="ext\freetype\src\base\ftbase.c">
      <Filter>Source Files\ext\freetype\src</Filter>
    </ClCompile>
    <ClCompile Include="ext\freetype\src\cache\ftcache.c">
      <Filter>Source Files\ext\freetype\src</Filter>
    </ClCompile>
    <ClCompile Include="ext\freetype\src\base\ftinit.c">
      <Filter>Source Files\ext\freetype\src</Filter>
    </ClCompile>
    <ClCompile Include="ext\freetype\src\lzw\ftlzw.c">
      <Filter>Source Files\ext\freetype\src</Filter>
    </ClCompile>
    <ClCompile Include="ext\freetype\src\base\ftsystem.c">
      <Filter>Source Files\ext\freetype\src</Filter>
    </ClCompile>
    <ClCompile Include="ext\freetype\src\pcf\pcf.c">
      <Filter>Source Files\ext\freetype\src</Filter>
    </ClCompile>
    <ClCompile Include="ext\freetype\src\pfr\pfr.c">
      <Filter>Source Files\ext\freetype\src</Filter>
    </ClCompile>
    <ClCompile Include="ext\freetype\src\psaux\psaux.c">
      <Filter>Source Files\ext\freetype\src</Filter>
    </ClCompile>
    <ClCompile Include="ext\freetype\src\pshinter\pshinter.c">
      <Filter>Source Files\ext\freetype\src</Filter>
    </ClCompile>
    <ClCompile Include="ext\freetype\src\psnames\psmodule.c">
      <Filter>Source Files\ext\freetype\src</Filter>
    </ClCompile>
    <ClCompile Include="ext\freetype\src\raster\raster.c">
      <Filter>Source Files\ext\freetype\src</Filter>
    </ClCompile>
    <ClCompile Include="ext\freetype\src\sfnt\sfnt.c">
      <Filter>Source Files\ext\freetype\src</Filter>
    </ClCompile>
    <ClCompile Include="ext\freetype\src\smooth\smooth.c">
      <Filter>Source Files\ext\freetype\src</Filter>
    </ClCompile>
    <ClCompile Include="ext\freetype\src\truetype\truetype.c">
      <Filter>Source Files\ext\freetype\src</Filter>
    </ClCompile>
    <ClCompile Include="ext\freetype\src\type1\type1.c">
      <Filter>Source Files\ext\freetype\src</Filter>
    </ClCompile>
    <ClCompile Include="ext\freetype\src\cid\type1cid.c">
      <Filter>Source Files\ext\freetype\src</Filter>
    </ClCompile>
    <ClCompile Include="ext\freetype\src\type42\type42.c">
      <Filter>Source Files\ext\freetype\src</Filter>
    </ClCompile>
    <ClCompile Include="ext\freetype\src\winfonts\winfnt.c">
      <Filter>Source Files\ext\freetype\src</Filter>
    </ClCompile>
    <ClCompile Include="ext\freetype\src\base\ftdebug.c">
      <Filter>Source Files\ext\freetype\src</Filter>
    </ClCompile>
    <ClCompile Include="ext\freetype\src\gzip\ftgzip.c">
      <Filter>Source Files\ext\freetype\src</Filter>
    </ClCompile>
    <ClCompile Include="src\graphics\batchrenderer2d.cpp">
      <Filter>Source Files\graphics</Filter>
    </ClCompile>
    <ClCompile Include="src\graphics\buffers\buffer.cpp">
      <Filter>Source Files\graphics</Filter>
    </ClCompile>
    <ClCompile Include="src\graphics\layers\group.cpp">
      <Filter>Source Files\graphics</Filter>
    </ClCompile>
    <ClCompile Include="src\graphics\buffers\indexbuffer.cpp">
      <Filter>Source Files\graphics</Filter>
    </ClCompile>
    <ClCompile Include="src\graphics\layers\layer.cpp">
      <Filter>Source Files\graphics</Filter>
    </ClCompile>
    <ClCompile Include="src\graphics\font\label.cpp">
      <Filter>Source Files\graphics</Filter>
    </ClCompile>
    <ClCompile Include="src\graphics\shader.cpp">
      <Filter>Source Files\graphics</Filter>
    </ClCompile>
    <ClCompile Include="src\graphics\sprite.cpp">
      <Filter>Source Files\graphics</Filter>
    </ClCompile>
    <ClCompile Include="src\graphics\texture.cpp">
      <Filter>Source Files\graphics</Filter>
    </ClCompile>
    <ClCompile Include="src\graphics\window.cpp">
      <Filter>Source Files\graphics</Filter>
    </ClCompile>
    <ClCompile Include="src\graphics\buffers\vertexarray.cpp">
      <Filter>Source Files\graphics</Filter>
    </ClCompile>
    <ClCompile Include="src\math\matrix4.cpp">
      <Filter>Source Files\math</Filter>
    </ClCompile>
    <ClCompile Include="src\math\vector3.cpp">
      <Filter>Source Files\math</Filter>
    </ClCompile>
    <ClCompile Include="src\math\vector2.cpp">
      <Filter>Source Files\math</Filter>
    </ClCompile>
    <ClCompile Include="src\math\vector4.cpp">
      <Filter>Source Files\math</Filter>
    </ClCompile>
    <ClCompile Include="ext\freetype-gl\distance-field.c">
      <Filter>Source Files\ext\freetype-gl</Filter>
    </ClCompile>
    <ClCompile Include="ext\freetype-gl\edtaa3func.c">
      <Filter>Source Files\ext\freetype-gl</Filter>
    </ClCompile>
    <ClCompile Include="ext\freetype-gl\texture-atlas.c">
      <Filter>Source Files\ext\freetype-gl</Filter>
    </ClCompile>
    <ClCompile Include="ext\freetype-gl\texture-font.c">
      <Filter>Source Files\ext\freetype-gl</Filter>
    </ClCompile>
    <ClCompile Include="ext\freetype-gl\vector.c">
      <Filter>Source Files\ext\freetype-gl</Filter>
    </ClCompile>
    <ClCompile Include="ext\freetype-gl\utf8-utils.c">
      <Filter>Source Files\ext\freetype-gl</Filter>
    </ClCompile>
    <ClCompile Include="ext\freetype-gl\platform.c">
      <Filter>Source Files\ext\freetype-gl</Filter>
    </ClCompile>
    <ClCompile Include="src\graphics\font\font.cpp">
      <Filter>Source Files</Filter>
    </ClCompile>
    <ClCompile Include="src\graphics\font\fontmanager.cpp">
      <Filter>Source Files</Filter>
    </ClCompile>
    <ClCompile Include="ext\freetype-gl\font-manager.c">
      <Filter>Source Files</Filter>
    </ClCompile>
    <ClCompile Include="src\audio\audioclip.cpp">
      <Filter>Source Files</Filter>
    </ClCompile>
    <ClCompile Include="src\audio\audiomanager.cpp">
      <Filter>Source Files</Filter>
    </ClCompile>
    <ClCompile Include="src\graphics\imgui\imgui_impl_opengl3.cpp">
      <Filter>Source Files</Filter>
    </ClCompile>
    <ClCompile Include="src\graphics\imgui\imgui.cpp">
      <Filter>Source Files</Filter>
    </ClCompile>
    <ClCompile Include="src\graphics\imgui\imgui_demo.cpp">
      <Filter>Source Files</Filter>
    </ClCompile>
    <ClCompile Include="src\graphics\imgui\imgui_draw.cpp">
      <Filter>Source Files</Filter>
    </ClCompile>
    <ClCompile Include="src\graphics\imgui\imgui_impl_glfw.cpp">
      <Filter>Source Files</Filter>
    </ClCompile>
    <ClCompile Include="src\graphics\imgui\imgui_widgets.cpp">
      <Filter>Source Files</Filter>
    </ClCompile>
    <ClCompile Include="src\GameObject.cpp">
      <Filter>Source Files</Filter>
    </ClCompile>
    <ClCompile Include="src\graphics\layers\GUILayer.cpp">
      <Filter>Source Files</Filter>
    </ClCompile>
    <ClCompile Include="ext\Box2D\Collision\Shapes\b2ChainShape.cpp">
      <Filter>Source Files</Filter>
    </ClCompile>
    <ClCompile Include="ext\Box2D\Collision\Shapes\b2CircleShape.cpp">
      <Filter>Source Files</Filter>
    </ClCompile>
    <ClCompile Include="ext\Box2D\Collision\Shapes\b2EdgeShape.cpp">
      <Filter>Source Files</Filter>
    </ClCompile>
    <ClCompile Include="ext\Box2D\Collision\Shapes\b2PolygonShape.cpp">
      <Filter>Source Files</Filter>
    </ClCompile>
    <ClCompile Include="ext\Box2D\Collision\b2BroadPhase.cpp">
      <Filter>Source Files</Filter>
    </ClCompile>
    <ClCompile Include="ext\Box2D\Collision\b2CollideCircle.cpp">
      <Filter>Source Files</Filter>
    </ClCompile>
    <ClCompile Include="ext\Box2D\Collision\b2CollideEdge.cpp">
      <Filter>Source Files</Filter>
    </ClCompile>
    <ClCompile Include="ext\Box2D\Collision\b2CollidePolygon.cpp">
      <Filter>Source Files</Filter>
    </ClCompile>
    <ClCompile Include="ext\Box2D\Collision\b2Collision.cpp">
      <Filter>Source Files</Filter>
    </ClCompile>
    <ClCompile Include="ext\Box2D\Collision\b2Distance.cpp">
      <Filter>Source Files</Filter>
    </ClCompile>
    <ClCompile Include="ext\Box2D\Collision\b2DynamicTree.cpp">
      <Filter>Source Files</Filter>
    </ClCompile>
    <ClCompile Include="ext\Box2D\Collision\b2TimeOfImpact.cpp">
      <Filter>Source Files</Filter>
    </ClCompile>
    <ClCompile Include="ext\Box2D\Common\b2BlockAllocator.cpp">
      <Filter>Source Files</Filter>
    </ClCompile>
    <ClCompile Include="ext\Box2D\Common\b2Draw.cpp">
      <Filter>Source Files</Filter>
    </ClCompile>
    <ClCompile Include="ext\Box2D\Common\b2Math.cpp">
      <Filter>Source Files</Filter>
    </ClCompile>
    <ClCompile Include="ext\Box2D\Common\b2Settings.cpp">
      <Filter>Source Files</Filter>
    </ClCompile>
    <ClCompile Include="ext\Box2D\Common\b2StackAllocator.cpp">
      <Filter>Source Files</Filter>
    </ClCompile>
    <ClCompile Include="ext\Box2D\Common\b2Timer.cpp">
      <Filter>Source Files</Filter>
    </ClCompile>
    <ClCompile Include="ext\Box2D\Dynamics\Contacts\b2ChainAndCircleContact.cpp">
      <Filter>Source Files</Filter>
    </ClCompile>
    <ClCompile Include="ext\Box2D\Dynamics\Contacts\b2ChainAndPolygonContact.cpp">
      <Filter>Source Files</Filter>
    </ClCompile>
    <ClCompile Include="ext\Box2D\Dynamics\Contacts\b2CircleContact.cpp">
      <Filter>Source Files</Filter>
    </ClCompile>
    <ClCompile Include="ext\Box2D\Dynamics\Contacts\b2Contact.cpp">
      <Filter>Source Files</Filter>
    </ClCompile>
    <ClCompile Include="ext\Box2D\Dynamics\Contacts\b2ContactSolver.cpp">
      <Filter>Source Files</Filter>
    </ClCompile>
    <ClCompile Include="ext\Box2D\Dynamics\Contacts\b2EdgeAndCircleContact.cpp">
      <Filter>Source Files</Filter>
    </ClCompile>
    <ClCompile Include="ext\Box2D\Dynamics\Contacts\b2EdgeAndPolygonContact.cpp">
      <Filter>Source Files</Filter>
    </ClCompile>
    <ClCompile Include="ext\Box2D\Dynamics\Contacts\b2PolygonAndCircleContact.cpp">
      <Filter>Source Files</Filter>
    </ClCompile>
    <ClCompile Include="ext\Box2D\Dynamics\Contacts\b2PolygonContact.cpp">
      <Filter>Source Files</Filter>
    </ClCompile>
    <ClCompile Include="ext\Box2D\Dynamics\Joints\b2DistanceJoint.cpp">
      <Filter>Source Files</Filter>
    </ClCompile>
    <ClCompile Include="ext\Box2D\Dynamics\Joints\b2FrictionJoint.cpp">
      <Filter>Source Files</Filter>
    </ClCompile>
    <ClCompile Include="ext\Box2D\Dynamics\Joints\b2GearJoint.cpp">
      <Filter>Source Files</Filter>
    </ClCompile>
    <ClCompile Include="ext\Box2D\Dynamics\Joints\b2Joint.cpp">
      <Filter>Source Files</Filter>
    </ClCompile>
    <ClCompile Include="ext\Box2D\Dynamics\Joints\b2MotorJoint.cpp">
      <Filter>Source Files</Filter>
    </ClCompile>
    <ClCompile Include="ext\Box2D\Dynamics\Joints\b2MouseJoint.cpp">
      <Filter>Source Files</Filter>
    </ClCompile>
    <ClCompile Include="ext\Box2D\Dynamics\Joints\b2PrismaticJoint.cpp">
      <Filter>Source Files</Filter>
    </ClCompile>
    <ClCompile Include="ext\Box2D\Dynamics\Joints\b2PulleyJoint.cpp">
      <Filter>Source Files</Filter>
    </ClCompile>
    <ClCompile Include="ext\Box2D\Dynamics\Joints\b2RevoluteJoint.cpp">
      <Filter>Source Files</Filter>
    </ClCompile>
    <ClCompile Include="ext\Box2D\Dynamics\Joints\b2RopeJoint.cpp">
      <Filter>Source Files</Filter>
    </ClCompile>
    <ClCompile Include="ext\Box2D\Dynamics\Joints\b2WeldJoint.cpp">
      <Filter>Source Files</Filter>
    </ClCompile>
    <ClCompile Include="ext\Box2D\Dynamics\Joints\b2WheelJoint.cpp">
      <Filter>Source Files</Filter>
    </ClCompile>
    <ClCompile Include="ext\Box2D\Dynamics\b2Body.cpp">
      <Filter>Source Files</Filter>
    </ClCompile>
    <ClCompile Include="ext\Box2D\Dynamics\b2ContactManager.cpp">
      <Filter>Source Files</Filter>
    </ClCompile>
    <ClCompile Include="ext\Box2D\Dynamics\b2Fixture.cpp">
      <Filter>Source Files</Filter>
    </ClCompile>
    <ClCompile Include="ext\Box2D\Dynamics\b2Island.cpp">
      <Filter>Source Files</Filter>
    </ClCompile>
    <ClCompile Include="ext\Box2D\Dynamics\b2World.cpp">
      <Filter>Source Files</Filter>
    </ClCompile>
    <ClCompile Include="ext\Box2D\Dynamics\b2WorldCallbacks.cpp">
      <Filter>Source Files</Filter>
    </ClCompile>
    <ClCompile Include="ext\Box2D\Rope\b2Rope.cpp">
      <Filter>Source Files</Filter>
    </ClCompile>
    <ClCompile Include="src\physics\PhysicsConstants.cpp">
      <Filter>Source Files</Filter>
    </ClCompile>
    <ClCompile Include="src\graphics\layers\GridLayer.cpp">
      <Filter>Source Files</Filter>
    </ClCompile>
    <ClCompile Include="src\physics\PhysicsBody2D.cpp">
      <Filter>Source Files</Filter>
    </ClCompile>
    <ClCompile Include="src\graphics\layers\EngineControlLayer.cpp">
      <Filter>Source Files</Filter>
    </ClCompile>
    <ClCompile Include="..\Dependencies\glad\src\glad.c">
      <Filter>Source Files\ext\glad</Filter>
    </ClCompile>
  </ItemGroup>
  <ItemGroup>
    <None Include="src\shaders\basic.vert">
      <Filter>Shaders</Filter>
    </None>
    <None Include="src\shaders\basic_lit.frag">
      <Filter>Shaders</Filter>
    </None>
    <None Include="src\shaders\basic_unlit.frag">
      <Filter>Shaders</Filter>
    </None>
    <None Include="src\shaders\simple.vert" />
    <None Include="src\shaders\simple.frag" />
    <None Include="src\shaders\font.vert" />
    <None Include="src\shaders\font.frag" />
  </ItemGroup>
  <ItemGroup>
    <ClInclude Include="ext\freetype\include\ft2build.h">
      <Filter>Header Files\ext\freetype</Filter>
    </ClInclude>
    <ClInclude Include="ext\freetype\include\freetype\config\ftconfig.h">
      <Filter>Header Files\ext\freetype</Filter>
    </ClInclude>
    <ClInclude Include="ext\freetype\include\freetype\config\ftheader.h">
      <Filter>Header Files\ext\freetype</Filter>
    </ClInclude>
    <ClInclude Include="ext\freetype\include\freetype\config\ftmodule.h">
      <Filter>Header Files\ext\freetype</Filter>
    </ClInclude>
    <ClInclude Include="ext\freetype\include\freetype\config\ftoption.h">
      <Filter>Header Files\ext\freetype</Filter>
    </ClInclude>
    <ClInclude Include="ext\freetype\include\freetype\config\ftstdlib.h">
      <Filter>Header Files\ext\freetype</Filter>
    </ClInclude>
    <ClInclude Include="src\math\vector2.h">
      <Filter>Header Files\math</Filter>
    </ClInclude>
    <ClInclude Include="src\math\vector3.h">
      <Filter>Header Files\math</Filter>
    </ClInclude>
    <ClInclude Include="src\math\vector4.h">
      <Filter>Header Files\math</Filter>
    </ClInclude>
    <ClInclude Include="src\math\matrix4.h">
      <Filter>Header Files\math</Filter>
    </ClInclude>
    <ClInclude Include="src\math\math_functions.h">
      <Filter>Header Files\math</Filter>
    </ClInclude>
    <ClInclude Include="src\math\math.h">
      <Filter>Header Files\math</Filter>
    </ClInclude>
    <ClInclude Include="ext\freetype-gl\freetype-gl.h">
      <Filter>Header Files\ext\freetype-gl</Filter>
    </ClInclude>
    <ClInclude Include="ext\freetype-gl\opengl.h">
      <Filter>Header Files\ext\freetype-gl</Filter>
    </ClInclude>
    <ClInclude Include="ext\freetype-gl\platform.h">
      <Filter>Header Files\ext\freetype-gl</Filter>
    </ClInclude>
    <ClInclude Include="ext\freetype-gl\edtaa3func.h">
      <Filter>Header Files\ext\freetype-gl</Filter>
    </ClInclude>
    <ClInclude Include="src\graphics\shader.h">
      <Filter>Header Files\graphics</Filter>
    </ClInclude>
    <ClInclude Include="src\graphics\layers\group.h">
      <Filter>Header Files\graphics\layers</Filter>
    </ClInclude>
    <ClInclude Include="src\graphics\buffers\indexbuffer.h">
      <Filter>Header Files\graphics\buffers</Filter>
    </ClInclude>
    <ClInclude Include="ext\freetype-gl\utf8-utils.h">
      <Filter>Header Files\ext\freetype-gl</Filter>
    </ClInclude>
    <ClInclude Include="ext\freetype-gl\vec234.h">
      <Filter>Header Files\ext\freetype-gl</Filter>
    </ClInclude>
    <ClInclude Include="ext\freetype-gl\vector.h">
      <Filter>Header Files\ext\freetype-gl</Filter>
    </ClInclude>
    <ClInclude Include="ext\freetype-gl\distance-field.h">
      <Filter>Header Files\ext\freetype-gl</Filter>
    </ClInclude>
    <ClInclude Include="ext\freetype-gl\texture-font.h">
      <Filter>Header Files\ext\freetype-gl</Filter>
    </ClInclude>
    <ClInclude Include="ext\freetype-gl\texture-atlas.h">
      <Filter>Header Files\ext\freetype-gl</Filter>
    </ClInclude>
    <ClInclude Include="src\graphics\window.h">
      <Filter>Header Files\graphics</Filter>
    </ClInclude>
    <ClInclude Include="ext\freetype\include\freetype\internal\internal.h">
      <Filter>Header Files\ext\freetype-gl</Filter>
    </ClInclude>
    <ClInclude Include="src\graphics\buffers\vertexarray.h">
      <Filter>Header Files\graphics\buffers</Filter>
    </ClInclude>
    <ClInclude Include="src\graphics\layers\tilelayer.h">
      <Filter>Header Files\graphics\layers</Filter>
    </ClInclude>
    <ClInclude Include="src\graphics\font\label.h">
      <Filter>Header Files\graphics\font</Filter>
    </ClInclude>
    <ClInclude Include="src\utils\timer.h">
      <Filter>Header Files\utils</Filter>
    </ClInclude>
    <ClInclude Include="src\utils\file_utils.h">
      <Filter>Header Files\utils</Filter>
    </ClInclude>
    <ClInclude Include="src\graphics\layers\layer.h">
      <Filter>Header Files\graphics\layers</Filter>
    </ClInclude>
    <ClInclude Include="src\graphics\renderable2d.h">
      <Filter>Header Files\graphics\renderables</Filter>
    </ClInclude>
    <ClInclude Include="src\graphics\texture.h">
      <Filter>Header Files\graphics\renderables</Filter>
    </ClInclude>
    <ClInclude Include="src\graphics\sprite.h">
      <Filter>Header Files\graphics\renderables</Filter>
    </ClInclude>
    <ClInclude Include="src\graphics\batchrenderer2d.h">
      <Filter>Header Files\graphics\renderers</Filter>
    </ClInclude>
    <ClInclude Include="src\graphics\renderer2d.h">
      <Filter>Header Files\graphics\renderers</Filter>
    </ClInclude>
    <ClInclude Include="src\graphics\simple2drenderer.h">
      <Filter>Header Files\graphics\renderers</Filter>
    </ClInclude>
    <ClInclude Include="ext\freetype\src\autofit\afangles.h">
      <Filter>Header Files\ext\gorilla-audio\ext</Filter>
    </ClInclude>
    <ClInclude Include="ext\freetype\src\autofit\afblue.h">
      <Filter>Header Files\ext\gorilla-audio\ext</Filter>
    </ClInclude>
    <ClInclude Include="ext\freetype\src\autofit\afcjk.h">
      <Filter>Header Files\ext\gorilla-audio\ext</Filter>
    </ClInclude>
    <ClInclude Include="ext\freetype\src\autofit\afcover.h">
      <Filter>Header Files\ext\gorilla-audio\ext</Filter>
    </ClInclude>
    <ClInclude Include="ext\freetype\src\autofit\afdummy.h">
      <Filter>Header Files\ext\gorilla-audio\ext</Filter>
    </ClInclude>
    <ClInclude Include="ext\freetype\src\autofit\aferrors.h">
      <Filter>Header Files\ext\gorilla-audio\ext</Filter>
    </ClInclude>
    <ClInclude Include="ext\freetype\src\autofit\afglobal.h">
      <Filter>Header Files\ext\gorilla-audio\ext</Filter>
    </ClInclude>
    <ClInclude Include="ext\freetype\src\autofit\afhints.h">
      <Filter>Header Files\ext\gorilla-audio\ext</Filter>
    </ClInclude>
    <ClInclude Include="ext\freetype\src\autofit\afindic.h">
      <Filter>Header Files\ext\gorilla-audio\ext</Filter>
    </ClInclude>
    <ClInclude Include="ext\freetype\src\autofit\aflatin.h">
      <Filter>Header Files\ext\gorilla-audio\ext</Filter>
    </ClInclude>
    <ClInclude Include="ext\freetype\src\autofit\aflatin2.h">
      <Filter>Header Files\ext\gorilla-audio\ext</Filter>
    </ClInclude>
    <ClInclude Include="ext\freetype\src\autofit\afloader.h">
      <Filter>Header Files\ext\gorilla-audio\ext</Filter>
    </ClInclude>
    <ClInclude Include="ext\freetype\src\autofit\afmodule.h">
      <Filter>Header Files\ext\gorilla-audio\ext</Filter>
    </ClInclude>
    <ClInclude Include="ext\freetype\src\psaux\afmparse.h">
      <Filter>Header Files\ext\gorilla-audio\ext</Filter>
    </ClInclude>
    <ClInclude Include="ext\freetype\src\autofit\afranges.h">
      <Filter>Header Files\ext\gorilla-audio\ext</Filter>
    </ClInclude>
    <ClInclude Include="ext\freetype\src\autofit\afscript.h">
      <Filter>Header Files\ext\gorilla-audio\ext</Filter>
    </ClInclude>
    <ClInclude Include="ext\freetype\src\autofit\afshaper.h">
      <Filter>Header Files\ext\gorilla-audio\ext</Filter>
    </ClInclude>
    <ClInclude Include="ext\freetype\src\autofit\afstyles.h">
      <Filter>Header Files\ext\gorilla-audio\ext</Filter>
    </ClInclude>
    <ClInclude Include="ext\freetype\src\autofit\aftypes.h">
      <Filter>Header Files\ext\gorilla-audio\ext</Filter>
    </ClInclude>
    <ClInclude Include="ext\freetype\src\autofit\afwarp.h">
      <Filter>Header Files\ext\gorilla-audio\ext</Filter>
    </ClInclude>
    <ClInclude Include="ext\freetype\src\autofit\afwrtsys.h">
      <Filter>Header Files\ext\gorilla-audio\ext</Filter>
    </ClInclude>
    <ClInclude Include="ext\gorilla-audio\ext\OpenAL\include\al.h">
      <Filter>Header Files\ext\gorilla-audio\ext</Filter>
    </ClInclude>
    <ClInclude Include="ext\gorilla-audio\ext\OpenAL\include\alc.h">
      <Filter>Header Files\ext\gorilla-audio\ext</Filter>
    </ClInclude>
    <ClInclude Include="ext\freetype\include\freetype\internal\autohint.h">
      <Filter>Header Files\ext\gorilla-audio\ext</Filter>
    </ClInclude>
    <ClInclude Include="ext\gorilla-audio\ext\libvorbis\lib\backends.h">
      <Filter>Header Files\ext\gorilla-audio\ext</Filter>
    </ClInclude>
    <ClInclude Include="ext\freetype\src\bdf\bdf.h">
      <Filter>Header Files\ext\gorilla-audio\ext</Filter>
    </ClInclude>
    <ClInclude Include="ext\freetype\src\bdf\bdfdrivr.h">
      <Filter>Header Files\ext\gorilla-audio\ext</Filter>
    </ClInclude>
    <ClInclude Include="ext\freetype\src\bdf\bdferror.h">
      <Filter>Header Files\ext\gorilla-audio\ext</Filter>
    </ClInclude>
    <ClInclude Include="ext\gorilla-audio\ext\libvorbis\lib\bitrate.h">
      <Filter>Header Files\ext\gorilla-audio\ext</Filter>
    </ClInclude>
    <ClInclude Include="ext\freetype\src\cff\cffcmap.h">
      <Filter>Header Files\ext\gorilla-audio\ext</Filter>
    </ClInclude>
    <ClInclude Include="ext\freetype\src\psaux\cffdecode.h">
      <Filter>Header Files\ext\gorilla-audio\ext</Filter>
    </ClInclude>
    <ClInclude Include="ext\freetype\src\cff\cffdrivr.h">
      <Filter>Header Files\ext\gorilla-audio\ext</Filter>
    </ClInclude>
    <ClInclude Include="ext\freetype\src\cff\cfferrs.h">
      <Filter>Header Files\ext\gorilla-audio\ext</Filter>
    </ClInclude>
    <ClInclude Include="ext\freetype\src\cff\cffgload.h">
      <Filter>Header Files\ext\gorilla-audio\ext</Filter>
    </ClInclude>
    <ClInclude Include="ext\freetype\src\cff\cffload.h">
      <Filter>Header Files\ext\gorilla-audio\ext</Filter>
    </ClInclude>
    <ClInclude Include="ext\freetype\src\cff\cffobjs.h">
      <Filter>Header Files\ext\gorilla-audio\ext</Filter>
    </ClInclude>
    <ClInclude Include="ext\freetype\include\freetype\internal\cffotypes.h">
      <Filter>Header Files\ext\gorilla-audio\ext</Filter>
    </ClInclude>
    <ClInclude Include="ext\freetype\src\cff\cffparse.h">
      <Filter>Header Files\ext\gorilla-audio\ext</Filter>
    </ClInclude>
    <ClInclude Include="ext\freetype\src\cff\cfftoken.h">
      <Filter>Header Files\ext\gorilla-audio\ext</Filter>
    </ClInclude>
    <ClInclude Include="ext\freetype\include\freetype\internal\cfftypes.h">
      <Filter>Header Files\ext\gorilla-audio\ext</Filter>
    </ClInclude>
    <ClInclude Include="ext\freetype\src\cid\ciderrs.h">
      <Filter>Header Files\ext\gorilla-audio\ext</Filter>
    </ClInclude>
    <ClInclude Include="ext\freetype\src\cid\cidgload.h">
      <Filter>Header Files\ext\gorilla-audio\ext</Filter>
    </ClInclude>
    <ClInclude Include="ext\freetype\src\cid\cidload.h">
      <Filter>Header Files\ext\gorilla-audio\ext</Filter>
    </ClInclude>
    <ClInclude Include="ext\freetype\src\cid\cidobjs.h">
      <Filter>Header Files\ext\gorilla-audio\ext</Filter>
    </ClInclude>
    <ClInclude Include="ext\freetype\src\cid\cidparse.h">
      <Filter>Header Files\ext\gorilla-audio\ext</Filter>
    </ClInclude>
    <ClInclude Include="ext\freetype\src\cid\cidriver.h">
      <Filter>Header Files\ext\gorilla-audio\ext</Filter>
    </ClInclude>
    <ClInclude Include="ext\freetype\src\cid\cidtoken.h">
      <Filter>Header Files\ext\gorilla-audio\ext</Filter>
    </ClInclude>
    <ClInclude Include="ext\gorilla-audio\ext\libvorbis\lib\codebook.h">
      <Filter>Header Files\ext\gorilla-audio\ext</Filter>
    </ClInclude>
    <ClInclude Include="ext\gorilla-audio\ext\libvorbis\include\vorbis\codec.h">
      <Filter>Header Files\ext\gorilla-audio\ext</Filter>
    </ClInclude>
    <ClInclude Include="ext\gorilla-audio\ext\libvorbis\lib\codec_internal.h">
      <Filter>Header Files\ext\gorilla-audio\ext</Filter>
    </ClInclude>
    <ClInclude Include="ext\gorilla-audio\ext\libogg\include\ogg\config_types.h">
      <Filter>Header Files\ext\gorilla-audio\ext</Filter>
    </ClInclude>
    <ClInclude Include="ext\gorilla-audio\ext\OpenAL\include\efx.h">
      <Filter>Header Files\ext\gorilla-audio\ext</Filter>
    </ClInclude>
    <ClInclude Include="ext\gorilla-audio\ext\OpenAL\include\efx-creative.h">
      <Filter>Header Files\ext\gorilla-audio\ext</Filter>
    </ClInclude>
    <ClInclude Include="ext\gorilla-audio\ext\OpenAL\include\EFX-Util.h">
      <Filter>Header Files\ext\gorilla-audio\ext</Filter>
    </ClInclude>
    <ClInclude Include="ext\gorilla-audio\ext\libvorbis\lib\envelope.h">
      <Filter>Header Files\ext\gorilla-audio\ext</Filter>
    </ClInclude>
    <ClInclude Include="ext\gorilla-audio\ext\libvorbis\lib\modes\floor_all.h">
      <Filter>Header Files\ext\gorilla-audio\ext</Filter>
    </ClInclude>
    <ClInclude Include="ext\gorilla-audio\ext\libvorbis\lib\books\floor\floor_books.h">
      <Filter>Header Files\ext\gorilla-audio\ext</Filter>
    </ClInclude>
    <ClInclude Include="ext\freetype\src\winfonts\fnterrs.h">
      <Filter>Header Files\ext\gorilla-audio\ext</Filter>
    </ClInclude>
    <ClInclude Include="src\graphics\font\font.h">
      <Filter>Header Files\ext\gorilla-audio\ext</Filter>
    </ClInclude>
    <ClInclude Include="src\graphics\font\fontmanager.h">
      <Filter>Header Files\ext\gorilla-audio\ext</Filter>
    </ClInclude>
    <ClInclude Include="ext\freetype\include\freetype\freetype.h">
      <Filter>Header Files\ext\gorilla-audio\ext</Filter>
    </ClInclude>
    <ClInclude Include="ext\freetype\include\freetype\ftadvanc.h">
      <Filter>Header Files\ext\gorilla-audio\ext</Filter>
    </ClInclude>
    <ClInclude Include="ext\freetype\src\base\ftbase.h">
      <Filter>Header Files\ext\gorilla-audio\ext</Filter>
    </ClInclude>
    <ClInclude Include="ext\freetype\include\freetype\ftbbox.h">
      <Filter>Header Files\ext\gorilla-audio\ext</Filter>
    </ClInclude>
    <ClInclude Include="ext\freetype\include\freetype\ftbdf.h">
      <Filter>Header Files\ext\gorilla-audio\ext</Filter>
    </ClInclude>
    <ClInclude Include="ext\freetype\include\freetype\ftbitmap.h">
      <Filter>Header Files\ext\gorilla-audio\ext</Filter>
    </ClInclude>
    <ClInclude Include="ext\freetype\include\freetype\ftbzip2.h">
      <Filter>Header Files\ext\gorilla-audio\ext</Filter>
    </ClInclude>
    <ClInclude Include="ext\freetype\include\freetype\ftcache.h">
      <Filter>Header Files\ext\gorilla-audio\ext</Filter>
    </ClInclude>
    <ClInclude Include="ext\freetype\include\freetype\internal\ftcalc.h">
      <Filter>Header Files\ext\gorilla-audio\ext</Filter>
    </ClInclude>
    <ClInclude Include="ext\freetype\src\cache\ftccache.h">
      <Filter>Header Files\ext\gorilla-audio\ext</Filter>
    </ClInclude>
    <ClInclude Include="ext\freetype\src\cache\ftccback.h">
      <Filter>Header Files\ext\gorilla-audio\ext</Filter>
    </ClInclude>
    <ClInclude Include="ext\freetype\src\cache\ftcerror.h">
      <Filter>Header Files\ext\gorilla-audio\ext</Filter>
    </ClInclude>
    <ClInclude Include="ext\freetype\src\cache\ftcglyph.h">
      <Filter>Header Files\ext\gorilla-audio\ext</Filter>
    </ClInclude>
    <ClInclude Include="ext\freetype\include\freetype\ftchapters.h">
      <Filter>Header Files\ext\gorilla-audio\ext</Filter>
    </ClInclude>
    <ClInclude Include="ext\freetype\include\freetype\ftcid.h">
      <Filter>Header Files\ext\gorilla-audio\ext</Filter>
    </ClInclude>
    <ClInclude Include="ext\freetype\src\cache\ftcimage.h">
      <Filter>Header Files\ext\gorilla-audio\ext</Filter>
    </ClInclude>
    <ClInclude Include="ext\freetype\src\cache\ftcmanag.h">
      <Filter>Header Files\ext\gorilla-audio\ext</Filter>
    </ClInclude>
    <ClInclude Include="ext\freetype\src\cache\ftcmru.h">
      <Filter>Header Files\ext\gorilla-audio\ext</Filter>
    </ClInclude>
    <ClInclude Include="ext\freetype\include\freetype\ftcolor.h">
      <Filter>Header Files\ext\gorilla-audio\ext</Filter>
    </ClInclude>
    <ClInclude Include="ext\freetype\src\cache\ftcsbits.h">
      <Filter>Header Files\ext\gorilla-audio\ext</Filter>
    </ClInclude>
    <ClInclude Include="ext\freetype\include\freetype\internal\ftdebug.h">
      <Filter>Header Files\ext\gorilla-audio\ext</Filter>
    </ClInclude>
    <ClInclude Include="ext\freetype\include\freetype\ftdriver.h">
      <Filter>Header Files\ext\gorilla-audio\ext</Filter>
    </ClInclude>
    <ClInclude Include="ext\freetype\include\freetype\internal\ftdrv.h">
      <Filter>Header Files\ext\gorilla-audio\ext</Filter>
    </ClInclude>
    <ClInclude Include="ext\freetype\include\freetype\fterrdef.h">
      <Filter>Header Files\ext\gorilla-audio\ext</Filter>
    </ClInclude>
    <ClInclude Include="ext\freetype\include\freetype\fterrors.h">
      <Filter>Header Files\ext\gorilla-audio\ext</Filter>
    </ClInclude>
    <ClInclude Include="ext\freetype\include\freetype\ftfntfmt.h">
      <Filter>Header Files\ext\gorilla-audio\ext</Filter>
    </ClInclude>
    <ClInclude Include="ext\freetype\include\freetype\ftgasp.h">
      <Filter>Header Files\ext\gorilla-audio\ext</Filter>
    </ClInclude>
    <ClInclude Include="ext\freetype\include\freetype\internal\ftgloadr.h">
      <Filter>Header Files\ext\gorilla-audio\ext</Filter>
    </ClInclude>
    <ClInclude Include="ext\freetype\include\freetype\ftglyph.h">
      <Filter>Header Files\ext\gorilla-audio\ext</Filter>
    </ClInclude>
    <ClInclude Include="ext\freetype\src\smooth\ftgrays.h">
      <Filter>Header Files\ext\gorilla-audio\ext</Filter>
    </ClInclude>
    <ClInclude Include="ext\freetype\include\freetype\ftgxval.h">
      <Filter>Header Files\ext\gorilla-audio\ext</Filter>
    </ClInclude>
    <ClInclude Include="ext\freetype\include\freetype\ftgzip.h">
      <Filter>Header Files\ext\gorilla-audio\ext</Filter>
    </ClInclude>
    <ClInclude Include="ext\freetype\include\freetype\internal\fthash.h">
      <Filter>Header Files\ext\gorilla-audio\ext</Filter>
    </ClInclude>
    <ClInclude Include="ext\freetype\include\freetype\ftimage.h">
      <Filter>Header Files\ext\gorilla-audio\ext</Filter>
    </ClInclude>
    <ClInclude Include="ext\freetype\include\freetype\ftincrem.h">
      <Filter>Header Files\ext\gorilla-audio\ext</Filter>
    </ClInclude>
    <ClInclude Include="ext\freetype\include\freetype\ftlcdfil.h">
      <Filter>Header Files\ext\gorilla-audio\ext</Filter>
    </ClInclude>
    <ClInclude Include="ext\freetype\include\freetype\ftlist.h">
      <Filter>Header Files\ext\gorilla-audio\ext</Filter>
    </ClInclude>
    <ClInclude Include="ext\freetype\include\freetype\ftlzw.h">
      <Filter>Header Files\ext\gorilla-audio\ext</Filter>
    </ClInclude>
    <ClInclude Include="ext\freetype\include\freetype\ftmac.h">
      <Filter>Header Files\ext\gorilla-audio\ext</Filter>
    </ClInclude>
    <ClInclude Include="ext\freetype\include\freetype\internal\ftmemory.h">
      <Filter>Header Files\ext\gorilla-audio\ext</Filter>
    </ClInclude>
    <ClInclude Include="ext\freetype\src\raster\ftmisc.h">
      <Filter>Header Files\ext\gorilla-audio\ext</Filter>
    </ClInclude>
    <ClInclude Include="ext\freetype\include\freetype\ftmm.h">
      <Filter>Header Files\ext\gorilla-audio\ext</Filter>
    </ClInclude>
    <ClInclude Include="ext\freetype\include\freetype\ftmodapi.h">
      <Filter>Header Files\ext\gorilla-audio\ext</Filter>
    </ClInclude>
    <ClInclude Include="ext\freetype\include\freetype\ftmoderr.h">
      <Filter>Header Files\ext\gorilla-audio\ext</Filter>
    </ClInclude>
    <ClInclude Include="ext\freetype\include\freetype\internal\ftobjs.h">
      <Filter>Header Files\ext\gorilla-audio\ext</Filter>
    </ClInclude>
    <ClInclude Include="ext\freetype\include\freetype\ftotval.h">
      <Filter>Header Files\ext\gorilla-audio\ext</Filter>
    </ClInclude>
    <ClInclude Include="ext\freetype\include\freetype\ftoutln.h">
      <Filter>Header Files\ext\gorilla-audio\ext</Filter>
    </ClInclude>
    <ClInclude Include="ext\freetype\include\freetype\ftparams.h">
      <Filter>Header Files\ext\gorilla-audio\ext</Filter>
    </ClInclude>
    <ClInclude Include="ext\freetype\include\freetype\ftpfr.h">
      <Filter>Header Files\ext\gorilla-audio\ext</Filter>
    </ClInclude>
    <ClInclude Include="ext\freetype\include\freetype\internal\ftpsprop.h">
      <Filter>Header Files\ext\gorilla-audio\ext</Filter>
    </ClInclude>
    <ClInclude Include="ext\freetype\src\raster\ftraster.h">
      <Filter>Header Files\ext\gorilla-audio\ext</Filter>
    </ClInclude>
    <ClInclude Include="ext\freetype\src\raster\ftrend1.h">
      <Filter>Header Files\ext\gorilla-audio\ext</Filter>
    </ClInclude>
    <ClInclude Include="ext\freetype\include\freetype\ftrender.h">
      <Filter>Header Files\ext\gorilla-audio\ext</Filter>
    </ClInclude>
    <ClInclude Include="ext\freetype\include\freetype\internal\ftrfork.h">
      <Filter>Header Files\ext\gorilla-audio\ext</Filter>
    </ClInclude>
    <ClInclude Include="ext\freetype\include\freetype\internal\ftserv.h">
      <Filter>Header Files\ext\gorilla-audio\ext</Filter>
    </ClInclude>
    <ClInclude Include="ext\freetype\include\freetype\ftsizes.h">
      <Filter>Header Files\ext\gorilla-audio\ext</Filter>
    </ClInclude>
    <ClInclude Include="ext\freetype\src\smooth\ftsmerrs.h">
      <Filter>Header Files\ext\gorilla-audio\ext</Filter>
    </ClInclude>
    <ClInclude Include="ext\freetype\src\smooth\ftsmooth.h">
      <Filter>Header Files\ext\gorilla-audio\ext</Filter>
    </ClInclude>
    <ClInclude Include="ext\freetype\include\freetype\ftsnames.h">
      <Filter>Header Files\ext\gorilla-audio\ext</Filter>
    </ClInclude>
    <ClInclude Include="ext\freetype\include\freetype\internal\ftstream.h">
      <Filter>Header Files\ext\gorilla-audio\ext</Filter>
    </ClInclude>
    <ClInclude Include="ext\freetype\include\freetype\ftstroke.h">
      <Filter>Header Files\ext\gorilla-audio\ext</Filter>
    </ClInclude>
    <ClInclude Include="ext\freetype\include\freetype\ftsynth.h">
      <Filter>Header Files\ext\gorilla-audio\ext</Filter>
    </ClInclude>
    <ClInclude Include="ext\freetype\include\freetype\ftsystem.h">
      <Filter>Header Files\ext\gorilla-audio\ext</Filter>
    </ClInclude>
    <ClInclude Include="ext\freetype\include\freetype\internal\fttrace.h">
      <Filter>Header Files\ext\gorilla-audio\ext</Filter>
    </ClInclude>
    <ClInclude Include="ext\freetype\include\freetype\fttrigon.h">
      <Filter>Header Files\ext\gorilla-audio\ext</Filter>
    </ClInclude>
    <ClInclude Include="ext\freetype\include\freetype\fttypes.h">
      <Filter>Header Files\ext\gorilla-audio\ext</Filter>
    </ClInclude>
    <ClInclude Include="ext\freetype\include\freetype\internal\ftvalid.h">
      <Filter>Header Files\ext\gorilla-audio\ext</Filter>
    </ClInclude>
    <ClInclude Include="ext\freetype\include\freetype\ftwinfnt.h">
      <Filter>Header Files\ext\gorilla-audio\ext</Filter>
    </ClInclude>
    <ClInclude Include="ext\freetype\src\gzip\ftzconf.h">
      <Filter>Header Files\ext\gorilla-audio\ext</Filter>
    </ClInclude>
    <ClInclude Include="ext\freetype\src\lzw\ftzopen.h">
      <Filter>Header Files\ext\gorilla-audio\ext</Filter>
    </ClInclude>
    <ClInclude Include="ext\freetype\src\gxvalid\gxvalid.h">
      <Filter>Header Files\ext\gorilla-audio\ext</Filter>
    </ClInclude>
    <ClInclude Include="ext\freetype\src\gxvalid\gxvcommn.h">
      <Filter>Header Files\ext\gorilla-audio\ext</Filter>
    </ClInclude>
    <ClInclude Include="ext\freetype\src\gxvalid\gxverror.h">
      <Filter>Header Files\ext\gorilla-audio\ext</Filter>
    </ClInclude>
    <ClInclude Include="ext\freetype\src\gxvalid\gxvfeat.h">
      <Filter>Header Files\ext\gorilla-audio\ext</Filter>
    </ClInclude>
    <ClInclude Include="ext\freetype\src\gxvalid\gxvmod.h">
      <Filter>Header Files\ext\gorilla-audio\ext</Filter>
    </ClInclude>
    <ClInclude Include="ext\freetype\src\gxvalid\gxvmort.h">
      <Filter>Header Files\ext\gorilla-audio\ext</Filter>
    </ClInclude>
    <ClInclude Include="ext\freetype\src\gxvalid\gxvmorx.h">
      <Filter>Header Files\ext\gorilla-audio\ext</Filter>
    </ClInclude>
    <ClInclude Include="ext\gorilla-audio\ext\libvorbis\lib\highlevel.h">
      <Filter>Header Files\ext\gorilla-audio\ext</Filter>
    </ClInclude>
    <ClInclude Include="ext\freetype\src\gzip\infblock.h">
      <Filter>Header Files\ext\gorilla-audio\ext</Filter>
    </ClInclude>
    <ClInclude Include="ext\freetype\src\gzip\infcodes.h">
      <Filter>Header Files\ext\gorilla-audio\ext</Filter>
    </ClInclude>
    <ClInclude Include="ext\freetype\src\gzip\inffixed.h">
      <Filter>Header Files\ext\gorilla-audio\ext</Filter>
    </ClInclude>
    <ClInclude Include="ext\freetype\src\gzip\inftrees.h">
      <Filter>Header Files\ext\gorilla-audio\ext</Filter>
    </ClInclude>
    <ClInclude Include="ext\freetype\src\gzip\infutil.h">
      <Filter>Header Files\ext\gorilla-audio\ext</Filter>
    </ClInclude>
    <ClInclude Include="ext\gorilla-audio\ext\libvorbis\lib\lookup.h">
      <Filter>Header Files\ext\gorilla-audio\ext</Filter>
    </ClInclude>
    <ClInclude Include="ext\gorilla-audio\ext\libvorbis\lib\lookup_data.h">
      <Filter>Header Files\ext\gorilla-audio\ext</Filter>
    </ClInclude>
    <ClInclude Include="ext\gorilla-audio\ext\libvorbis\lib\lpc.h">
      <Filter>Header Files\ext\gorilla-audio\ext</Filter>
    </ClInclude>
    <ClInclude Include="ext\gorilla-audio\ext\libvorbis\lib\lsp.h">
      <Filter>Header Files\ext\gorilla-audio\ext</Filter>
    </ClInclude>
    <ClInclude Include="ext\gorilla-audio\ext\libvorbis\lib\masking.h">
      <Filter>Header Files\ext\gorilla-audio\ext</Filter>
    </ClInclude>
    <ClInclude Include="ext\freetype\src\base\md5.h">
      <Filter>Header Files\ext\gorilla-audio\ext</Filter>
    </ClInclude>
    <ClInclude Include="ext\gorilla-audio\ext\libvorbis\lib\mdct.h">
      <Filter>Header Files\ext\gorilla-audio\ext</Filter>
    </ClInclude>
    <ClInclude Include="ext\gorilla-audio\ext\libvorbis\lib\misc.h">
      <Filter>Header Files\ext\gorilla-audio\ext</Filter>
    </ClInclude>
    <ClInclude Include="ext\gorilla-audio\ext\libogg\include\ogg\ogg.h">
      <Filter>Header Files\ext\gorilla-audio\ext</Filter>
    </ClInclude>
    <ClInclude Include="ext\gorilla-audio\ext\libvorbis\lib\os.h">
      <Filter>Header Files\ext\gorilla-audio\ext</Filter>
    </ClInclude>
    <ClInclude Include="ext\gorilla-audio\ext\libogg\include\ogg\os_types.h">
      <Filter>Header Files\ext\gorilla-audio\ext</Filter>
    </ClInclude>
    <ClInclude Include="ext\freetype\src\otvalid\otvalid.h">
      <Filter>Header Files\ext\gorilla-audio\ext</Filter>
    </ClInclude>
    <ClInclude Include="ext\freetype\src\otvalid\otvcommn.h">
      <Filter>Header Files\ext\gorilla-audio\ext</Filter>
    </ClInclude>
    <ClInclude Include="ext\freetype\src\otvalid\otverror.h">
      <Filter>Header Files\ext\gorilla-audio\ext</Filter>
    </ClInclude>
    <ClInclude Include="ext\freetype\src\otvalid\otvgpos.h">
      <Filter>Header Files\ext\gorilla-audio\ext</Filter>
    </ClInclude>
    <ClInclude Include="ext\freetype\src\otvalid\otvmod.h">
      <Filter>Header Files\ext\gorilla-audio\ext</Filter>
    </ClInclude>
    <ClInclude Include="ext\freetype\src\pcf\pcf.h">
      <Filter>Header Files\ext\gorilla-audio\ext</Filter>
    </ClInclude>
    <ClInclude Include="ext\freetype\src\pcf\pcfdrivr.h">
      <Filter>Header Files\ext\gorilla-audio\ext</Filter>
    </ClInclude>
    <ClInclude Include="ext\freetype\src\pcf\pcferror.h">
      <Filter>Header Files\ext\gorilla-audio\ext</Filter>
    </ClInclude>
    <ClInclude Include="ext\freetype\src\pcf\pcfread.h">
      <Filter>Header Files\ext\gorilla-audio\ext</Filter>
    </ClInclude>
    <ClInclude Include="ext\freetype\src\pcf\pcfutil.h">
      <Filter>Header Files\ext\gorilla-audio\ext</Filter>
    </ClInclude>
    <ClInclude Include="ext\freetype\src\pfr\pfrcmap.h">
      <Filter>Header Files\ext\gorilla-audio\ext</Filter>
    </ClInclude>
    <ClInclude Include="ext\freetype\src\pfr\pfrdrivr.h">
      <Filter>Header Files\ext\gorilla-audio\ext</Filter>
    </ClInclude>
    <ClInclude Include="ext\freetype\src\pfr\pfrerror.h">
      <Filter>Header Files\ext\gorilla-audio\ext</Filter>
    </ClInclude>
    <ClInclude Include="ext\freetype\src\pfr\pfrgload.h">
      <Filter>Header Files\ext\gorilla-audio\ext</Filter>
    </ClInclude>
    <ClInclude Include="ext\freetype\src\pfr\pfrload.h">
      <Filter>Header Files\ext\gorilla-audio\ext</Filter>
    </ClInclude>
    <ClInclude Include="ext\freetype\src\pfr\pfrobjs.h">
      <Filter>Header Files\ext\gorilla-audio\ext</Filter>
    </ClInclude>
    <ClInclude Include="ext\freetype\src\pfr\pfrsbit.h">
      <Filter>Header Files\ext\gorilla-audio\ext</Filter>
    </ClInclude>
    <ClInclude Include="ext\freetype\src\pfr\pfrtypes.h">
      <Filter>Header Files\ext\gorilla-audio\ext</Filter>
    </ClInclude>
    <ClInclude Include="ext\freetype\src\sfnt\pngshim.h">
      <Filter>Header Files\ext\gorilla-audio\ext</Filter>
    </ClInclude>
    <ClInclude Include="ext\freetype\src\psaux\psarrst.h">
      <Filter>Header Files\ext\gorilla-audio\ext</Filter>
    </ClInclude>
    <ClInclude Include="ext\freetype\include\freetype\internal\psaux.h">
      <Filter>Header Files\ext\gorilla-audio\ext</Filter>
    </ClInclude>
    <ClInclude Include="ext\freetype\src\psaux\psauxerr.h">
      <Filter>Header Files\ext\gorilla-audio\ext</Filter>
    </ClInclude>
    <ClInclude Include="ext\freetype\src\psaux\psauxmod.h">
      <Filter>Header Files\ext\gorilla-audio\ext</Filter>
    </ClInclude>
    <ClInclude Include="ext\freetype\src\psaux\psblues.h">
      <Filter>Header Files\ext\gorilla-audio\ext</Filter>
    </ClInclude>
    <ClInclude Include="ext\freetype\src\psaux\psconv.h">
      <Filter>Header Files\ext\gorilla-audio\ext</Filter>
    </ClInclude>
    <ClInclude Include="ext\freetype\src\psaux\pserror.h">
      <Filter>Header Files\ext\gorilla-audio\ext</Filter>
    </ClInclude>
    <ClInclude Include="ext\freetype\src\psaux\psfixed.h">
      <Filter>Header Files\ext\gorilla-audio\ext</Filter>
    </ClInclude>
    <ClInclude Include="ext\freetype\src\psaux\psfont.h">
      <Filter>Header Files\ext\gorilla-audio\ext</Filter>
    </ClInclude>
    <ClInclude Include="ext\freetype\src\psaux\psft.h">
      <Filter>Header Files\ext\gorilla-audio\ext</Filter>
    </ClInclude>
    <ClInclude Include="ext\freetype\src\psaux\psglue.h">
      <Filter>Header Files\ext\gorilla-audio\ext</Filter>
    </ClInclude>
    <ClInclude Include="ext\freetype\src\pshinter\pshalgo.h">
      <Filter>Header Files\ext\gorilla-audio\ext</Filter>
    </ClInclude>
    <ClInclude Include="ext\freetype\src\pshinter\pshglob.h">
      <Filter>Header Files\ext\gorilla-audio\ext</Filter>
    </ClInclude>
    <ClInclude Include="ext\freetype\include\freetype\internal\pshints.h">
      <Filter>Header Files\ext\gorilla-audio\ext</Filter>
    </ClInclude>
    <ClInclude Include="ext\freetype\src\psaux\pshints.h">
      <Filter>Header Files\ext\gorilla-audio\ext</Filter>
    </ClInclude>
    <ClInclude Include="ext\freetype\src\pshinter\pshmod.h">
      <Filter>Header Files\ext\gorilla-audio\ext</Filter>
    </ClInclude>
    <ClInclude Include="ext\freetype\src\pshinter\pshnterr.h">
      <Filter>Header Files\ext\gorilla-audio\ext</Filter>
    </ClInclude>
    <ClInclude Include="ext\freetype\src\pshinter\pshrec.h">
      <Filter>Header Files\ext\gorilla-audio\ext</Filter>
    </ClInclude>
    <ClInclude Include="ext\freetype\src\psaux\psintrp.h">
      <Filter>Header Files\ext\gorilla-audio\ext</Filter>
    </ClInclude>
    <ClInclude Include="ext\freetype\src\psnames\psmodule.h">
      <Filter>Header Files\ext\gorilla-audio\ext</Filter>
    </ClInclude>
    <ClInclude Include="ext\freetype\src\psnames\psnamerr.h">
      <Filter>Header Files\ext\gorilla-audio\ext</Filter>
    </ClInclude>
    <ClInclude Include="ext\freetype\src\psaux\psobjs.h">
      <Filter>Header Files\ext\gorilla-audio\ext</Filter>
    </ClInclude>
    <ClInclude Include="ext\freetype\src\psaux\psread.h">
      <Filter>Header Files\ext\gorilla-audio\ext</Filter>
    </ClInclude>
    <ClInclude Include="ext\freetype\src\psaux\psstack.h">
      <Filter>Header Files\ext\gorilla-audio\ext</Filter>
    </ClInclude>
    <ClInclude Include="ext\freetype\src\psnames\pstables.h">
      <Filter>Header Files\ext\gorilla-audio\ext</Filter>
    </ClInclude>
    <ClInclude Include="ext\freetype\src\psaux\pstypes.h">
      <Filter>Header Files\ext\gorilla-audio\ext</Filter>
    </ClInclude>
    <ClInclude Include="ext\gorilla-audio\ext\libvorbis\lib\psy.h">
      <Filter>Header Files\ext\gorilla-audio\ext</Filter>
    </ClInclude>
    <ClInclude Include="ext\gorilla-audio\ext\libvorbis\lib\modes\psych_8.h">
      <Filter>Header Files\ext\gorilla-audio\ext</Filter>
    </ClInclude>
    <ClInclude Include="ext\gorilla-audio\ext\libvorbis\lib\modes\psych_11.h">
      <Filter>Header Files\ext\gorilla-audio\ext</Filter>
    </ClInclude>
    <ClInclude Include="ext\gorilla-audio\ext\libvorbis\lib\modes\psych_16.h">
      <Filter>Header Files\ext\gorilla-audio\ext</Filter>
    </ClInclude>
    <ClInclude Include="ext\gorilla-audio\ext\libvorbis\lib\modes\psych_44.h">
      <Filter>Header Files\ext\gorilla-audio\ext</Filter>
    </ClInclude>
    <ClInclude Include="ext\freetype\src\raster\rasterrs.h">
      <Filter>Header Files\ext\gorilla-audio\ext</Filter>
    </ClInclude>
    <ClInclude Include="ext\gorilla-audio\ext\libvorbis\lib\registry.h">
      <Filter>Header Files\ext\gorilla-audio\ext</Filter>
    </ClInclude>
    <ClInclude Include="ext\gorilla-audio\ext\libvorbis\lib\books\coupled\res_books_stereo.h">
      <Filter>Header Files\ext\gorilla-audio\ext</Filter>
    </ClInclude>
    <ClInclude Include="ext\gorilla-audio\ext\libvorbis\lib\books\uncoupled\res_books_uncoupled.h">
      <Filter>Header Files\ext\gorilla-audio\ext</Filter>
    </ClInclude>
    <ClInclude Include="ext\gorilla-audio\ext\libvorbis\lib\modes\residue_8.h">
      <Filter>Header Files\ext\gorilla-audio\ext</Filter>
    </ClInclude>
    <ClInclude Include="ext\gorilla-audio\ext\libvorbis\lib\modes\residue_16.h">
      <Filter>Header Files\ext\gorilla-audio\ext</Filter>
    </ClInclude>
    <ClInclude Include="ext\gorilla-audio\ext\libvorbis\lib\modes\residue_44.h">
      <Filter>Header Files\ext\gorilla-audio\ext</Filter>
    </ClInclude>
    <ClInclude Include="ext\gorilla-audio\ext\libvorbis\lib\modes\residue_44u.h">
      <Filter>Header Files\ext\gorilla-audio\ext</Filter>
    </ClInclude>
    <ClInclude Include="ext\gorilla-audio\ext\libvorbis\lib\scales.h">
      <Filter>Header Files\ext\gorilla-audio\ext</Filter>
    </ClInclude>
    <ClInclude Include="ext\gorilla-audio\ext\libvorbis\lib\modes\setup_8.h">
      <Filter>Header Files\ext\gorilla-audio\ext</Filter>
    </ClInclude>
    <ClInclude Include="ext\gorilla-audio\ext\libvorbis\lib\modes\setup_11.h">
      <Filter>Header Files\ext\gorilla-audio\ext</Filter>
    </ClInclude>
    <ClInclude Include="ext\gorilla-audio\ext\libvorbis\lib\modes\setup_16.h">
      <Filter>Header Files\ext\gorilla-audio\ext</Filter>
    </ClInclude>
    <ClInclude Include="ext\gorilla-audio\ext\libvorbis\lib\modes\setup_22.h">
      <Filter>Header Files\ext\gorilla-audio\ext</Filter>
    </ClInclude>
    <ClInclude Include="ext\gorilla-audio\ext\libvorbis\lib\modes\setup_32.h">
      <Filter>Header Files\ext\gorilla-audio\ext</Filter>
    </ClInclude>
    <ClInclude Include="ext\gorilla-audio\ext\libvorbis\lib\modes\setup_44.h">
      <Filter>Header Files\ext\gorilla-audio\ext</Filter>
    </ClInclude>
    <ClInclude Include="ext\gorilla-audio\ext\libvorbis\lib\modes\setup_44u.h">
      <Filter>Header Files\ext\gorilla-audio\ext</Filter>
    </ClInclude>
    <ClInclude Include="ext\gorilla-audio\ext\libvorbis\lib\modes\setup_X.h">
      <Filter>Header Files\ext\gorilla-audio\ext</Filter>
    </ClInclude>
    <ClInclude Include="ext\freetype\src\sfnt\sfdriver.h">
      <Filter>Header Files\ext\gorilla-audio\ext</Filter>
    </ClInclude>
    <ClInclude Include="ext\freetype\src\sfnt\sferrors.h">
      <Filter>Header Files\ext\gorilla-audio\ext</Filter>
    </ClInclude>
    <ClInclude Include="ext\freetype\include\freetype\internal\sfnt.h">
      <Filter>Header Files\ext\gorilla-audio\ext</Filter>
    </ClInclude>
    <ClInclude Include="ext\freetype\src\sfnt\sfobjs.h">
      <Filter>Header Files\ext\gorilla-audio\ext</Filter>
    </ClInclude>
    <ClInclude Include="ext\freetype\src\sfnt\sfwoff.h">
      <Filter>Header Files\ext\gorilla-audio\ext</Filter>
    </ClInclude>
    <ClInclude Include="ext\gorilla-audio\ext\libvorbis\lib\smallft.h">
      <Filter>Header Files\ext\gorilla-audio\ext</Filter>
    </ClInclude>
    <ClInclude Include="ext\freetype\include\freetype\internal\services\svbdf.h">
      <Filter>Header Files\ext\gorilla-audio\ext</Filter>
    </ClInclude>
    <ClInclude Include="ext\freetype\include\freetype\internal\services\svcfftl.h">
      <Filter>Header Files\ext\gorilla-audio\ext</Filter>
    </ClInclude>
    <ClInclude Include="ext\freetype\include\freetype\internal\services\svcid.h">
      <Filter>Header Files\ext\gorilla-audio\ext</Filter>
    </ClInclude>
    <ClInclude Include="ext\freetype\include\freetype\internal\services\svfntfmt.h">
      <Filter>Header Files\ext\gorilla-audio\ext</Filter>
    </ClInclude>
    <ClInclude Include="ext\freetype\include\freetype\internal\services\svgldict.h">
      <Filter>Header Files\ext\gorilla-audio\ext</Filter>
    </ClInclude>
    <ClInclude Include="ext\freetype\include\freetype\internal\services\svgxval.h">
      <Filter>Header Files\ext\gorilla-audio\ext</Filter>
    </ClInclude>
    <ClInclude Include="ext\freetype\include\freetype\internal\services\svkern.h">
      <Filter>Header Files\ext\gorilla-audio\ext</Filter>
    </ClInclude>
    <ClInclude Include="ext\freetype\include\freetype\internal\services\svmetric.h">
      <Filter>Header Files\ext\gorilla-audio\ext</Filter>
    </ClInclude>
    <ClInclude Include="ext\freetype\include\freetype\internal\services\svmm.h">
      <Filter>Header Files\ext\gorilla-audio\ext</Filter>
    </ClInclude>
    <ClInclude Include="ext\freetype\include\freetype\internal\services\svotval.h">
      <Filter>Header Files\ext\gorilla-audio\ext</Filter>
    </ClInclude>
    <ClInclude Include="ext\freetype\include\freetype\internal\services\svpfr.h">
      <Filter>Header Files\ext\gorilla-audio\ext</Filter>
    </ClInclude>
    <ClInclude Include="ext\freetype\include\freetype\internal\services\svpostnm.h">
      <Filter>Header Files\ext\gorilla-audio\ext</Filter>
    </ClInclude>
    <ClInclude Include="ext\freetype\include\freetype\internal\services\svprop.h">
      <Filter>Header Files\ext\gorilla-audio\ext</Filter>
    </ClInclude>
    <ClInclude Include="ext\freetype\include\freetype\internal\services\svpscmap.h">
      <Filter>Header Files\ext\gorilla-audio\ext</Filter>
    </ClInclude>
    <ClInclude Include="ext\freetype\include\freetype\internal\services\svpsinfo.h">
      <Filter>Header Files\ext\gorilla-audio\ext</Filter>
    </ClInclude>
    <ClInclude Include="ext\freetype\include\freetype\internal\services\svsfnt.h">
      <Filter>Header Files\ext\gorilla-audio\ext</Filter>
    </ClInclude>
    <ClInclude Include="ext\freetype\include\freetype\internal\services\svttcmap.h">
      <Filter>Header Files\ext\gorilla-audio\ext</Filter>
    </ClInclude>
    <ClInclude Include="ext\freetype\include\freetype\internal\services\svtteng.h">
      <Filter>Header Files\ext\gorilla-audio\ext</Filter>
    </ClInclude>
    <ClInclude Include="ext\freetype\include\freetype\internal\services\svttglyf.h">
      <Filter>Header Files\ext\gorilla-audio\ext</Filter>
    </ClInclude>
    <ClInclude Include="ext\freetype\include\freetype\internal\services\svwinfnt.h">
      <Filter>Header Files\ext\gorilla-audio\ext</Filter>
    </ClInclude>
    <ClInclude Include="ext\freetype\src\type1\t1afm.h">
      <Filter>Header Files\ext\gorilla-audio\ext</Filter>
    </ClInclude>
    <ClInclude Include="ext\freetype\src\psaux\t1cmap.h">
      <Filter>Header Files\ext\gorilla-audio\ext</Filter>
    </ClInclude>
    <ClInclude Include="ext\freetype\src\psaux\t1decode.h">
      <Filter>Header Files\ext\gorilla-audio\ext</Filter>
    </ClInclude>
    <ClInclude Include="ext\freetype\src\type1\t1driver.h">
      <Filter>Header Files\ext\gorilla-audio\ext</Filter>
    </ClInclude>
    <ClInclude Include="ext\freetype\src\type1\t1errors.h">
      <Filter>Header Files\ext\gorilla-audio\ext</Filter>
    </ClInclude>
    <ClInclude Include="ext\freetype\src\type1\t1gload.h">
      <Filter>Header Files\ext\gorilla-audio\ext</Filter>
    </ClInclude>
    <ClInclude Include="ext\freetype\src\type1\t1load.h">
      <Filter>Header Files\ext\gorilla-audio\ext</Filter>
    </ClInclude>
    <ClInclude Include="ext\freetype\src\type1\t1objs.h">
      <Filter>Header Files\ext\gorilla-audio\ext</Filter>
    </ClInclude>
    <ClInclude Include="ext\freetype\src\type1\t1parse.h">
      <Filter>Header Files\ext\gorilla-audio\ext</Filter>
    </ClInclude>
    <ClInclude Include="ext\freetype\include\freetype\t1tables.h">
      <Filter>Header Files\ext\gorilla-audio\ext</Filter>
    </ClInclude>
    <ClInclude Include="ext\freetype\src\type1\t1tokens.h">
      <Filter>Header Files\ext\gorilla-audio\ext</Filter>
    </ClInclude>
    <ClInclude Include="ext\freetype\include\freetype\internal\t1types.h">
      <Filter>Header Files\ext\gorilla-audio\ext</Filter>
    </ClInclude>
    <ClInclude Include="ext\freetype\src\type42\t42drivr.h">
      <Filter>Header Files\ext\gorilla-audio\ext</Filter>
    </ClInclude>
    <ClInclude Include="ext\freetype\src\type42\t42error.h">
      <Filter>Header Files\ext\gorilla-audio\ext</Filter>
    </ClInclude>
    <ClInclude Include="ext\freetype\src\type42\t42objs.h">
      <Filter>Header Files\ext\gorilla-audio\ext</Filter>
    </ClInclude>
    <ClInclude Include="ext\freetype\src\type42\t42parse.h">
      <Filter>Header Files\ext\gorilla-audio\ext</Filter>
    </ClInclude>
    <ClInclude Include="ext\freetype\src\type42\t42types.h">
      <Filter>Header Files\ext\gorilla-audio\ext</Filter>
    </ClInclude>
    <ClInclude Include="ext\freetype\src\sfnt\ttbdf.h">
      <Filter>Header Files\ext\gorilla-audio\ext</Filter>
    </ClInclude>
    <ClInclude Include="ext\freetype\src\sfnt\ttcmap.h">
      <Filter>Header Files\ext\gorilla-audio\ext</Filter>
    </ClInclude>
    <ClInclude Include="ext\freetype\src\sfnt\ttcmapc.h">
      <Filter>Header Files\ext\gorilla-audio\ext</Filter>
    </ClInclude>
    <ClInclude Include="ext\freetype\src\sfnt\ttcolr.h">
      <Filter>Header Files\ext\gorilla-audio\ext</Filter>
    </ClInclude>
    <ClInclude Include="ext\freetype\src\sfnt\ttcpal.h">
      <Filter>Header Files\ext\gorilla-audio\ext</Filter>
    </ClInclude>
    <ClInclude Include="ext\freetype\src\truetype\ttdriver.h">
      <Filter>Header Files\ext\gorilla-audio\ext</Filter>
    </ClInclude>
    <ClInclude Include="ext\freetype\src\truetype\tterrors.h">
      <Filter>Header Files\ext\gorilla-audio\ext</Filter>
    </ClInclude>
    <ClInclude Include="ext\freetype\src\truetype\ttgload.h">
      <Filter>Header Files\ext\gorilla-audio\ext</Filter>
    </ClInclude>
    <ClInclude Include="ext\freetype\src\truetype\ttgxvar.h">
      <Filter>Header Files\ext\gorilla-audio\ext</Filter>
    </ClInclude>
    <ClInclude Include="ext\freetype\src\truetype\ttinterp.h">
      <Filter>Header Files\ext\gorilla-audio\ext</Filter>
    </ClInclude>
    <ClInclude Include="ext\freetype\src\sfnt\ttkern.h">
      <Filter>Header Files\ext\gorilla-audio\ext</Filter>
    </ClInclude>
    <ClInclude Include="ext\freetype\src\sfnt\ttload.h">
      <Filter>Header Files\ext\gorilla-audio\ext</Filter>
    </ClInclude>
    <ClInclude Include="ext\freetype\src\sfnt\ttmtx.h">
      <Filter>Header Files\ext\gorilla-audio\ext</Filter>
    </ClInclude>
    <ClInclude Include="ext\freetype\include\freetype\ttnameid.h">
      <Filter>Header Files\ext\gorilla-audio\ext</Filter>
    </ClInclude>
    <ClInclude Include="ext\freetype\src\truetype\ttobjs.h">
      <Filter>Header Files\ext\gorilla-audio\ext</Filter>
    </ClInclude>
    <ClInclude Include="ext\freetype\src\truetype\ttpload.h">
      <Filter>Header Files\ext\gorilla-audio\ext</Filter>
    </ClInclude>
    <ClInclude Include="ext\freetype\src\sfnt\ttpost.h">
      <Filter>Header Files\ext\gorilla-audio\ext</Filter>
    </ClInclude>
    <ClInclude Include="ext\freetype\src\sfnt\ttsbit.h">
      <Filter>Header Files\ext\gorilla-audio\ext</Filter>
    </ClInclude>
    <ClInclude Include="ext\freetype\src\truetype\ttsubpix.h">
      <Filter>Header Files\ext\gorilla-audio\ext</Filter>
    </ClInclude>
    <ClInclude Include="ext\freetype\include\freetype\tttables.h">
      <Filter>Header Files\ext\gorilla-audio\ext</Filter>
    </ClInclude>
    <ClInclude Include="ext\freetype\include\freetype\tttags.h">
      <Filter>Header Files\ext\gorilla-audio\ext</Filter>
    </ClInclude>
    <ClInclude Include="ext\freetype\include\freetype\internal\tttypes.h">
      <Filter>Header Files\ext\gorilla-audio\ext</Filter>
    </ClInclude>
    <ClInclude Include="ext\gorilla-audio\ext\libvorbis\include\vorbis\vorbisenc.h">
      <Filter>Header Files\ext\gorilla-audio\ext</Filter>
    </ClInclude>
    <ClInclude Include="ext\gorilla-audio\ext\libvorbis\include\vorbis\vorbisfile.h">
      <Filter>Header Files\ext\gorilla-audio\ext</Filter>
    </ClInclude>
    <ClInclude Include="ext\gorilla-audio\ext\libvorbis\lib\window.h">
      <Filter>Header Files\ext\gorilla-audio\ext</Filter>
    </ClInclude>
    <ClInclude Include="ext\freetype\src\winfonts\winfnt.h">
      <Filter>Header Files\ext\gorilla-audio\ext</Filter>
    </ClInclude>
    <ClInclude Include="ext\freetype\include\freetype\internal\wofftypes.h">
      <Filter>Header Files\ext\gorilla-audio\ext</Filter>
    </ClInclude>
    <ClInclude Include="ext\gorilla-audio\ext\OpenAL\include\xram.h">
      <Filter>Header Files\ext\gorilla-audio\ext</Filter>
    </ClInclude>
    <ClInclude Include="ext\freetype\src\gzip\zlib.h">
      <Filter>Header Files\ext\gorilla-audio\ext</Filter>
    </ClInclude>
    <ClInclude Include="ext\freetype\src\gzip\zutil.h">
      <Filter>Header Files\ext\gorilla-audio\ext</Filter>
    </ClInclude>
    <ClInclude Include="ext\freetype-gl\font-manager.h">
      <Filter>Header Files</Filter>
    </ClInclude>
    <ClInclude Include="ext\freetype-gl\markup.h">
      <Filter>Header Files</Filter>
    </ClInclude>
    <ClInclude Include="src\audio\audioclip.h">
      <Filter>Header Files</Filter>
    </ClInclude>
    <ClInclude Include="src\audio\audiomanager.h">
      <Filter>Header Files</Filter>
    </ClInclude>
    <ClInclude Include="src\utils\string_utils.h">
      <Filter>Header Files</Filter>
    </ClInclude>
    <ClInclude Include="src\letc.h">
      <Filter>Header Files</Filter>
    </ClInclude>
    <ClInclude Include="src\graphics\buffers\buffer.h">
      <Filter>Header Files</Filter>
    </ClInclude>
    <ClInclude Include="src\graphics\imgui\imgui_impl_opengl3.h">
      <Filter>Header Files</Filter>
    </ClInclude>
    <ClInclude Include="src\graphics\imgui\imgui_impl_glfw.h">
      <Filter>Header Files</Filter>
    </ClInclude>
    <ClInclude Include="src\GameObject.h">
      <Filter>Header Files</Filter>
    </ClInclude>
    <ClInclude Include="src\graphics\layers\GUILayer.h">
      <Filter>Header Files</Filter>
    </ClInclude>
    <ClInclude Include="ext\Box2D\Collision\Shapes\b2ChainShape.h">
      <Filter>Header Files</Filter>
    </ClInclude>
    <ClInclude Include="ext\Box2D\Collision\Shapes\b2CircleShape.h">
      <Filter>Header Files</Filter>
    </ClInclude>
    <ClInclude Include="ext\Box2D\Collision\Shapes\b2EdgeShape.h">
      <Filter>Header Files</Filter>
    </ClInclude>
    <ClInclude Include="ext\Box2D\Collision\Shapes\b2PolygonShape.h">
      <Filter>Header Files</Filter>
    </ClInclude>
    <ClInclude Include="ext\Box2D\Collision\Shapes\b2Shape.h">
      <Filter>Header Files</Filter>
    </ClInclude>
    <ClInclude Include="ext\Box2D\Collision\b2BroadPhase.h">
      <Filter>Header Files</Filter>
    </ClInclude>
    <ClInclude Include="ext\Box2D\Collision\b2Collision.h">
      <Filter>Header Files</Filter>
    </ClInclude>
    <ClInclude Include="ext\Box2D\Collision\b2Distance.h">
      <Filter>Header Files</Filter>
    </ClInclude>
    <ClInclude Include="ext\Box2D\Collision\b2DynamicTree.h">
      <Filter>Header Files</Filter>
    </ClInclude>
    <ClInclude Include="ext\Box2D\Collision\b2TimeOfImpact.h">
      <Filter>Header Files</Filter>
    </ClInclude>
    <ClInclude Include="ext\Box2D\Common\b2BlockAllocator.h">
      <Filter>Header Files</Filter>
    </ClInclude>
    <ClInclude Include="ext\Box2D\Common\b2Draw.h">
      <Filter>Header Files</Filter>
    </ClInclude>
    <ClInclude Include="ext\Box2D\Common\b2GrowableStack.h">
      <Filter>Header Files</Filter>
    </ClInclude>
    <ClInclude Include="ext\Box2D\Common\b2Math.h">
      <Filter>Header Files</Filter>
    </ClInclude>
    <ClInclude Include="ext\Box2D\Common\b2Settings.h">
      <Filter>Header Files</Filter>
    </ClInclude>
    <ClInclude Include="ext\Box2D\Common\b2StackAllocator.h">
      <Filter>Header Files</Filter>
    </ClInclude>
    <ClInclude Include="ext\Box2D\Common\b2Timer.h">
      <Filter>Header Files</Filter>
    </ClInclude>
    <ClInclude Include="ext\Box2D\Dynamics\Contacts\b2ChainAndCircleContact.h">
      <Filter>Header Files</Filter>
    </ClInclude>
    <ClInclude Include="ext\Box2D\Dynamics\Contacts\b2ChainAndPolygonContact.h">
      <Filter>Header Files</Filter>
    </ClInclude>
    <ClInclude Include="ext\Box2D\Dynamics\Contacts\b2CircleContact.h">
      <Filter>Header Files</Filter>
    </ClInclude>
    <ClInclude Include="ext\Box2D\Dynamics\Contacts\b2Contact.h">
      <Filter>Header Files</Filter>
    </ClInclude>
    <ClInclude Include="ext\Box2D\Dynamics\Contacts\b2ContactSolver.h">
      <Filter>Header Files</Filter>
    </ClInclude>
    <ClInclude Include="ext\Box2D\Dynamics\Contacts\b2EdgeAndCircleContact.h">
      <Filter>Header Files</Filter>
    </ClInclude>
    <ClInclude Include="ext\Box2D\Dynamics\Contacts\b2EdgeAndPolygonContact.h">
      <Filter>Header Files</Filter>
    </ClInclude>
    <ClInclude Include="ext\Box2D\Dynamics\Contacts\b2PolygonAndCircleContact.h">
      <Filter>Header Files</Filter>
    </ClInclude>
    <ClInclude Include="ext\Box2D\Dynamics\Contacts\b2PolygonContact.h">
      <Filter>Header Files</Filter>
    </ClInclude>
    <ClInclude Include="ext\Box2D\Dynamics\Joints\b2DistanceJoint.h">
      <Filter>Header Files</Filter>
    </ClInclude>
    <ClInclude Include="ext\Box2D\Dynamics\Joints\b2FrictionJoint.h">
      <Filter>Header Files</Filter>
    </ClInclude>
    <ClInclude Include="ext\Box2D\Dynamics\Joints\b2GearJoint.h">
      <Filter>Header Files</Filter>
    </ClInclude>
    <ClInclude Include="ext\Box2D\Dynamics\Joints\b2Joint.h">
      <Filter>Header Files</Filter>
    </ClInclude>
    <ClInclude Include="ext\Box2D\Dynamics\Joints\b2MotorJoint.h">
      <Filter>Header Files</Filter>
    </ClInclude>
    <ClInclude Include="ext\Box2D\Dynamics\Joints\b2MouseJoint.h">
      <Filter>Header Files</Filter>
    </ClInclude>
    <ClInclude Include="ext\Box2D\Dynamics\Joints\b2PrismaticJoint.h">
      <Filter>Header Files</Filter>
    </ClInclude>
    <ClInclude Include="ext\Box2D\Dynamics\Joints\b2PulleyJoint.h">
      <Filter>Header Files</Filter>
    </ClInclude>
    <ClInclude Include="ext\Box2D\Dynamics\Joints\b2RevoluteJoint.h">
      <Filter>Header Files</Filter>
    </ClInclude>
    <ClInclude Include="ext\Box2D\Dynamics\Joints\b2RopeJoint.h">
      <Filter>Header Files</Filter>
    </ClInclude>
    <ClInclude Include="ext\Box2D\Dynamics\Joints\b2WeldJoint.h">
      <Filter>Header Files</Filter>
    </ClInclude>
    <ClInclude Include="ext\Box2D\Dynamics\Joints\b2WheelJoint.h">
      <Filter>Header Files</Filter>
    </ClInclude>
    <ClInclude Include="ext\Box2D\Dynamics\b2Body.h">
      <Filter>Header Files</Filter>
    </ClInclude>
    <ClInclude Include="ext\Box2D\Dynamics\b2ContactManager.h">
      <Filter>Header Files</Filter>
    </ClInclude>
    <ClInclude Include="ext\Box2D\Dynamics\b2Fixture.h">
      <Filter>Header Files</Filter>
    </ClInclude>
    <ClInclude Include="ext\Box2D\Dynamics\b2Island.h">
      <Filter>Header Files</Filter>
    </ClInclude>
    <ClInclude Include="ext\Box2D\Dynamics\b2TimeStep.h">
      <Filter>Header Files</Filter>
    </ClInclude>
    <ClInclude Include="ext\Box2D\Dynamics\b2World.h">
      <Filter>Header Files</Filter>
    </ClInclude>
    <ClInclude Include="ext\Box2D\Dynamics\b2WorldCallbacks.h">
      <Filter>Header Files</Filter>
    </ClInclude>
    <ClInclude Include="ext\Box2D\Rope\b2Rope.h">
      <Filter>Header Files</Filter>
    </ClInclude>
    <ClInclude Include="ext\Box2D\Box2D.h">
      <Filter>Header Files</Filter>
    </ClInclude>
    <ClInclude Include="src\physics\PhysicsConstants.h">
      <Filter>Header Files</Filter>
    </ClInclude>
    <ClInclude Include="src\physics\PhysicsWorld2D.h">
      <Filter>Header Files</Filter>
    </ClInclude>
    <ClInclude Include="src\physics\DebugPhysics.h">
      <Filter>Header Files</Filter>
    </ClInclude>
    <ClInclude Include="src\graphics\layers\GridLayer.h">
      <Filter>Header Files</Filter>
    </ClInclude>
    <ClInclude Include="src\graphics\SimpleRenderer2D.h">
      <Filter>Header Files</Filter>
    </ClInclude>
    <ClInclude Include="src\graphics\GridRenderer.h">
      <Filter>Header Files</Filter>
    </ClInclude>
    <ClInclude Include="src\physics\PhysicsBody2D.h">
      <Filter>Header Files</Filter>
    </ClInclude>
    <ClInclude Include="src\physics\RaycastCallback.h">
      <Filter>Header Files</Filter>
    </ClInclude>
    <ClInclude Include="src\physics\QueryAABBCallback.h">
      <Filter>Header Files</Filter>
    </ClInclude>
    <ClInclude Include="src\graphics\layers\EngineControlLayer.h">
      <Filter>Header Files</Filter>
    </ClInclude>
    <ClInclude Include="src\graphics\font\FontLibrary.h">
      <Filter>Header Files</Filter>
    </ClInclude>
  </ItemGroup>
</Project>