Microsoft Visual Studio Solution File, Format Version 12.00
# Visual Studio 16
Project("{2150E333-8FDC-42A3-9474-1A3956D46DE8}") = "CMakePredefinedTargets", "CMakePredefinedTargets", "{8F0F46BF-5FF4-3D7C-A922-0F784242DADD}"
EndProject
Project("{2150E333-8FDC-42A3-9474-1A3956D46DE8}") = "Dependencies", "Dependencies", "{3B99C2FC-0735-3DA9-992D-0A8F11B07693}"
EndProject
Project("{2150E333-8FDC-42A3-9474-1A3956D46DE8}") = "Box2D", "Dependencies\Box2D", "{B5957E01-7E2C-3FCE-9500-11E09F038983}"
EndProject
Project("{2150E333-8FDC-42A3-9474-1A3956D46DE8}") = "GLFW3", "Dependencies\GLFW3", "{D72782EE-47BC-35C4-A15A-B5916D095DA3}"
EndProject
Project("{2150E333-8FDC-42A3-9474-1A3956D46DE8}") = "font", "Dependencies\font", "{C4A1E6A1-44FD-33A6-BA50-696FE63600B4}"
EndProject
Project("{2150E333-8FDC-42A3-9474-1A3956D46DE8}") = "freetype", "Dependencies\font\freetype", "{E20F58B6-816A-3E04-ACF9-A2F79D6C0D16}"
EndProject
Project("{2150E333-8FDC-42A3-9474-1A3956D46DE8}") = "freetype-gl", "Dependencies\font\freetype-gl", "{AF6692C9-E683-3B9E-A94B-C112BEFFCC0D}"
EndProject
Project("{2150E333-8FDC-42A3-9474-1A3956D46DE8}") = "glad", "Dependencies\glad", "{C4C3A21C-5F87-3373-9FD9-3AB505ADF2D0}"
EndProject
Project("{2150E333-8FDC-42A3-9474-1A3956D46DE8}") = "imgui", "Dependencies\imgui", "{0857C2BB-4FF1-361C-8C8D-156C9C595F3E}"
EndProject
Project("{2150E333-8FDC-42A3-9474-1A3956D46DE8}") = "soloud", "Dependencies\soloud", "{BB1868F9-63A0-35E0-9508-0CF9306D2DBF}"
EndProject
Project("{8BC9CEB8-8B4A-11D0-8D11-00A0C91BC942}") = "ALL_BUILD", "ALL_BUILD.vcxproj", "{D8EDD34A-22E3-35B1-90DF-DD517DF917FF}"
	ProjectSection(ProjectDependencies) = postProject
		{A5852FA9-92D5-3C7C-B6F1-57C4458A58A3} = {A5852FA9-92D5-3C7C-B6F1-57C4458A58A3}
	EndProjectSection
EndProject
Project("{8BC9CEB8-8B4A-11D0-8D11-00A0C91BC942}") = "Box2D", "..\dependencies\box2d\Box2D_v2.3.1\Box2D\Box2D.vcxproj", "{30FC6E77-F5FC-32F2-A839-2A6CC6C39825}"
	ProjectSection(ProjectDependencies) = postProject
	EndProjectSection
EndProject
Project("{8BC9CEB8-8B4A-11D0-8D11-00A0C91BC942}") = "Core_Engine_v0.30.0", "..\Watty-Core\Core_Engine_v0.30.0.vcxproj", "{B7845F1A-E155-3EF2-BFFE-E9E73DA28251}"
	ProjectSection(ProjectDependencies) = postProject
	EndProjectSection
EndProject
Project("{8BC9CEB8-8B4A-11D0-8D11-00A0C91BC942}") = "INSTALL", "INSTALL.vcxproj", "{2D0DBE6F-2944-31E9-8F2B-5541BC78FEB3}"
	ProjectSection(ProjectDependencies) = postProject
		{D8EDD34A-22E3-35B1-90DF-DD517DF917FF} = {D8EDD34A-22E3-35B1-90DF-DD517DF917FF}
	EndProjectSection
EndProject
Project("{8BC9CEB8-8B4A-11D0-8D11-00A0C91BC942}") = "PACKAGE", "PACKAGE.vcxproj", "{E0492026-89D9-3BB2-8A21-C48656626FB0}"
	ProjectSection(ProjectDependencies) = postProject
		{D8EDD34A-22E3-35B1-90DF-DD517DF917FF} = {D8EDD34A-22E3-35B1-90DF-DD517DF917FF}
	EndProjectSection
EndProject
Project("{8BC9CEB8-8B4A-11D0-8D11-00A0C91BC942}") = "Sandbox", "Sandbox.vcxproj", "{A5852FA9-92D5-3C7C-B6F1-57C4458A58A3}"
	ProjectSection(ProjectDependencies) = postProject
		{2F472052-DCAE-3C70-A860-1314B742AFDE} = {2F472052-DCAE-3C70-A860-1314B742AFDE}
	EndProjectSection
EndProject
Project("{8BC9CEB8-8B4A-11D0-8D11-00A0C91BC942}") = "Watty_v0.30.0", "..\\Watty_v0.30.0.vcxproj", "{2F472052-DCAE-3C70-A860-1314B742AFDE}"
	ProjectSection(ProjectDependencies) = postProject
		{30FC6E77-F5FC-32F2-A839-2A6CC6C39825} = {30FC6E77-F5FC-32F2-A839-2A6CC6C39825}
		{B7845F1A-E155-3EF2-BFFE-E9E73DA28251} = {B7845F1A-E155-3EF2-BFFE-E9E73DA28251}
		{DC13F7EE-C7D5-3BFC-9967-A6AFB051DD78} = {DC13F7EE-C7D5-3BFC-9967-A6AFB051DD78}
		{52089B01-6DAC-3825-948A-FF693389C7D1} = {52089B01-6DAC-3825-948A-FF693389C7D1}
		{CFECA571-0B91-3E61-A7C4-443EBEAD44EF} = {CFECA571-0B91-3E61-A7C4-443EBEAD44EF}
		{87ADD9EB-6DC1-3D5F-B821-6138C16189DB} = {87ADD9EB-6DC1-3D5F-B821-6138C16189DB}
		{85C7350F-A841-3FC1-A371-98027FE67FCD} = {85C7350F-A841-3FC1-A371-98027FE67FCD}
		{FC5C4256-5781-3E44-8461-0525A879430B} = {FC5C4256-5781-3E44-8461-0525A879430B}
	EndProjectSection
EndProject
Project("{8BC9CEB8-8B4A-11D0-8D11-00A0C91BC942}") = "freetype", "..\dependencies\freetype\freetype.vcxproj", "{DC13F7EE-C7D5-3BFC-9967-A6AFB051DD78}"
	ProjectSection(ProjectDependencies) = postProject
	EndProjectSection
EndProject
Project("{8BC9CEB8-8B4A-11D0-8D11-00A0C91BC942}") = "freetype-gl", "..\dependencies\freetype-gl\freetype-gl.vcxproj", "{52089B01-6DAC-3825-948A-FF693389C7D1}"
	ProjectSection(ProjectDependencies) = postProject
	EndProjectSection
EndProject
Project("{8BC9CEB8-8B4A-11D0-8D11-00A0C91BC942}") = "glad", "..\dependencies\glad\glad.vcxproj", "{CFECA571-0B91-3E61-A7C4-443EBEAD44EF}"
	ProjectSection(ProjectDependencies) = postProject
	EndProjectSection
EndProject
Project("{8BC9CEB8-8B4A-11D0-8D11-00A0C91BC942}") = "glfw", "..\dependencies\glfw\src\glfw.vcxproj", "{87ADD9EB-6DC1-3D5F-B821-6138C16189DB}"
	ProjectSection(ProjectDependencies) = postProject
	EndProjectSection
EndProject
Project("{8BC9CEB8-8B4A-11D0-8D11-00A0C91BC942}") = "imgui", "..\dependencies\imgui\imgui.vcxproj", "{85C7350F-A841-3FC1-A371-98027FE67FCD}"
	ProjectSection(ProjectDependencies) = postProject
	EndProjectSection
EndProject
Project("{8BC9CEB8-8B4A-11D0-8D11-00A0C91BC942}") = "soloud", "..\dependencies\soloud\soloud.vcxproj", "{FC5C4256-5781-3E44-8461-0525A879430B}"
	ProjectSection(ProjectDependencies) = postProject
	EndProjectSection
EndProject
Global
	GlobalSection(SolutionConfigurationPlatforms) = preSolution
		Debug|x64 = Debug|x64
		Release|x64 = Release|x64
		Web|x64 = Web|x64
	EndGlobalSection
	GlobalSection(ProjectConfigurationPlatforms) = postSolution
		{D8EDD34A-22E3-35B1-90DF-DD517DF917FF}.Debug|x64.ActiveCfg = Debug|x64
		{D8EDD34A-22E3-35B1-90DF-DD517DF917FF}.Debug|x64.Build.0 = Debug|x64
		{D8EDD34A-22E3-35B1-90DF-DD517DF917FF}.Release|x64.ActiveCfg = Release|x64
		{D8EDD34A-22E3-35B1-90DF-DD517DF917FF}.Release|x64.Build.0 = Release|x64
		{D8EDD34A-22E3-35B1-90DF-DD517DF917FF}.Web|x64.ActiveCfg = Web|x64
		{D8EDD34A-22E3-35B1-90DF-DD517DF917FF}.Web|x64.Build.0 = Web|x64
		{30FC6E77-F5FC-32F2-A839-2A6CC6C39825}.Debug|x64.ActiveCfg = Debug|x64
		{30FC6E77-F5FC-32F2-A839-2A6CC6C39825}.Debug|x64.Build.0 = Debug|x64
		{30FC6E77-F5FC-32F2-A839-2A6CC6C39825}.Release|x64.ActiveCfg = Release|x64
		{30FC6E77-F5FC-32F2-A839-2A6CC6C39825}.Release|x64.Build.0 = Release|x64
		{30FC6E77-F5FC-32F2-A839-2A6CC6C39825}.Web|x64.ActiveCfg = Web|x64
		{30FC6E77-F5FC-32F2-A839-2A6CC6C39825}.Web|x64.Build.0 = Web|x64
		{B7845F1A-E155-3EF2-BFFE-E9E73DA28251}.Debug|x64.ActiveCfg = Debug|x64
		{B7845F1A-E155-3EF2-BFFE-E9E73DA28251}.Debug|x64.Build.0 = Debug|x64
		{B7845F1A-E155-3EF2-BFFE-E9E73DA28251}.Release|x64.ActiveCfg = Release|x64
		{B7845F1A-E155-3EF2-BFFE-E9E73DA28251}.Release|x64.Build.0 = Release|x64
		{B7845F1A-E155-3EF2-BFFE-E9E73DA28251}.Web|x64.ActiveCfg = Web|x64
		{B7845F1A-E155-3EF2-BFFE-E9E73DA28251}.Web|x64.Build.0 = Web|x64
		{2D0DBE6F-2944-31E9-8F2B-5541BC78FEB3}.Debug|x64.ActiveCfg = Debug|x64
		{2D0DBE6F-2944-31E9-8F2B-5541BC78FEB3}.Release|x64.ActiveCfg = Release|x64
		{2D0DBE6F-2944-31E9-8F2B-5541BC78FEB3}.Web|x64.ActiveCfg = Web|x64
		{E0492026-89D9-3BB2-8A21-C48656626FB0}.Debug|x64.ActiveCfg = Debug|x64
		{E0492026-89D9-3BB2-8A21-C48656626FB0}.Release|x64.ActiveCfg = Release|x64
		{E0492026-89D9-3BB2-8A21-C48656626FB0}.Web|x64.ActiveCfg = Web|x64
		{A5852FA9-92D5-3C7C-B6F1-57C4458A58A3}.Debug|x64.ActiveCfg = Debug|x64
		{A5852FA9-92D5-3C7C-B6F1-57C4458A58A3}.Debug|x64.Build.0 = Debug|x64
		{A5852FA9-92D5-3C7C-B6F1-57C4458A58A3}.Release|x64.ActiveCfg = Release|x64
		{A5852FA9-92D5-3C7C-B6F1-57C4458A58A3}.Release|x64.Build.0 = Release|x64
		{A5852FA9-92D5-3C7C-B6F1-57C4458A58A3}.Web|x64.ActiveCfg = Web|x64
		{A5852FA9-92D5-3C7C-B6F1-57C4458A58A3}.Web|x64.Build.0 = Web|x64
		{2F472052-DCAE-3C70-A860-1314B742AFDE}.Debug|x64.ActiveCfg = Debug|x64
		{2F472052-DCAE-3C70-A860-1314B742AFDE}.Debug|x64.Build.0 = Debug|x64
		{2F472052-DCAE-3C70-A860-1314B742AFDE}.Release|x64.ActiveCfg = Release|x64
		{2F472052-DCAE-3C70-A860-1314B742AFDE}.Release|x64.Build.0 = Release|x64
		{2F472052-DCAE-3C70-A860-1314B742AFDE}.Web|x64.ActiveCfg = Web|x64
		{2F472052-DCAE-3C70-A860-1314B742AFDE}.Web|x64.Build.0 = Web|x64
		{DC13F7EE-C7D5-3BFC-9967-A6AFB051DD78}.Debug|x64.ActiveCfg = Debug|x64
		{DC13F7EE-C7D5-3BFC-9967-A6AFB051DD78}.Debug|x64.Build.0 = Debug|x64
		{DC13F7EE-C7D5-3BFC-9967-A6AFB051DD78}.Release|x64.ActiveCfg = Release|x64
		{DC13F7EE-C7D5-3BFC-9967-A6AFB051DD78}.Release|x64.Build.0 = Release|x64
		{DC13F7EE-C7D5-3BFC-9967-A6AFB051DD78}.Web|x64.ActiveCfg = Web|x64
		{DC13F7EE-C7D5-3BFC-9967-A6AFB051DD78}.Web|x64.Build.0 = Web|x64
		{52089B01-6DAC-3825-948A-FF693389C7D1}.Debug|x64.ActiveCfg = Debug|x64
		{52089B01-6DAC-3825-948A-FF693389C7D1}.Debug|x64.Build.0 = Debug|x64
		{52089B01-6DAC-3825-948A-FF693389C7D1}.Release|x64.ActiveCfg = Release|x64
		{52089B01-6DAC-3825-948A-FF693389C7D1}.Release|x64.Build.0 = Release|x64
		{52089B01-6DAC-3825-948A-FF693389C7D1}.Web|x64.ActiveCfg = Web|x64
		{52089B01-6DAC-3825-948A-FF693389C7D1}.Web|x64.Build.0 = Web|x64
		{CFECA571-0B91-3E61-A7C4-443EBEAD44EF}.Debug|x64.ActiveCfg = Debug|x64
		{CFECA571-0B91-3E61-A7C4-443EBEAD44EF}.Debug|x64.Build.0 = Debug|x64
		{CFECA571-0B91-3E61-A7C4-443EBEAD44EF}.Release|x64.ActiveCfg = Release|x64
		{CFECA571-0B91-3E61-A7C4-443EBEAD44EF}.Release|x64.Build.0 = Release|x64
		{CFECA571-0B91-3E61-A7C4-443EBEAD44EF}.Web|x64.ActiveCfg = Web|x64
		{CFECA571-0B91-3E61-A7C4-443EBEAD44EF}.Web|x64.Build.0 = Web|x64
		{87ADD9EB-6DC1-3D5F-B821-6138C16189DB}.Debug|x64.ActiveCfg = Debug|x64
		{87ADD9EB-6DC1-3D5F-B821-6138C16189DB}.Debug|x64.Build.0 = Debug|x64
		{87ADD9EB-6DC1-3D5F-B821-6138C16189DB}.Release|x64.ActiveCfg = Release|x64
		{87ADD9EB-6DC1-3D5F-B821-6138C16189DB}.Release|x64.Build.0 = Release|x64
		{87ADD9EB-6DC1-3D5F-B821-6138C16189DB}.Web|x64.ActiveCfg = Web|x64
		{87ADD9EB-6DC1-3D5F-B821-6138C16189DB}.Web|x64.Build.0 = Web|x64
		{85C7350F-A841-3FC1-A371-98027FE67FCD}.Debug|x64.ActiveCfg = Debug|x64
		{85C7350F-A841-3FC1-A371-98027FE67FCD}.Debug|x64.Build.0 = Debug|x64
		{85C7350F-A841-3FC1-A371-98027FE67FCD}.Release|x64.ActiveCfg = Release|x64
		{85C7350F-A841-3FC1-A371-98027FE67FCD}.Release|x64.Build.0 = Release|x64
		{85C7350F-A841-3FC1-A371-98027FE67FCD}.Web|x64.ActiveCfg = Web|x64
		{85C7350F-A841-3FC1-A371-98027FE67FCD}.Web|x64.Build.0 = Web|x64
		{FC5C4256-5781-3E44-8461-0525A879430B}.Debug|x64.ActiveCfg = Debug|x64
		{FC5C4256-5781-3E44-8461-0525A879430B}.Debug|x64.Build.0 = Debug|x64
		{FC5C4256-5781-3E44-8461-0525A879430B}.Release|x64.ActiveCfg = Release|x64
		{FC5C4256-5781-3E44-8461-0525A879430B}.Release|x64.Build.0 = Release|x64
		{FC5C4256-5781-3E44-8461-0525A879430B}.Web|x64.ActiveCfg = Web|x64
		{FC5C4256-5781-3E44-8461-0525A879430B}.Web|x64.Build.0 = Web|x64
	EndGlobalSection
	GlobalSection(NestedProjects) = preSolution
		{D8EDD34A-22E3-35B1-90DF-DD517DF917FF} = {8F0F46BF-5FF4-3D7C-A922-0F784242DADD}
		{2D0DBE6F-2944-31E9-8F2B-5541BC78FEB3} = {8F0F46BF-5FF4-3D7C-A922-0F784242DADD}
		{E0492026-89D9-3BB2-8A21-C48656626FB0} = {8F0F46BF-5FF4-3D7C-A922-0F784242DADD}
		{B5957E01-7E2C-3FCE-9500-11E09F038983} = {3B99C2FC-0735-3DA9-992D-0A8F11B07693}
		{D72782EE-47BC-35C4-A15A-B5916D095DA3} = {3B99C2FC-0735-3DA9-992D-0A8F11B07693}
		{C4A1E6A1-44FD-33A6-BA50-696FE63600B4} = {3B99C2FC-0735-3DA9-992D-0A8F11B07693}
		{C4C3A21C-5F87-3373-9FD9-3AB505ADF2D0} = {3B99C2FC-0735-3DA9-992D-0A8F11B07693}
		{0857C2BB-4FF1-361C-8C8D-156C9C595F3E} = {3B99C2FC-0735-3DA9-992D-0A8F11B07693}
		{BB1868F9-63A0-35E0-9508-0CF9306D2DBF} = {3B99C2FC-0735-3DA9-992D-0A8F11B07693}
		{30FC6E77-F5FC-32F2-A839-2A6CC6C39825} = {B5957E01-7E2C-3FCE-9500-11E09F038983}
		{87ADD9EB-6DC1-3D5F-B821-6138C16189DB} = {D72782EE-47BC-35C4-A15A-B5916D095DA3}
		{E20F58B6-816A-3E04-ACF9-A2F79D6C0D16} = {C4A1E6A1-44FD-33A6-BA50-696FE63600B4}
		{AF6692C9-E683-3B9E-A94B-C112BEFFCC0D} = {C4A1E6A1-44FD-33A6-BA50-696FE63600B4}
		{DC13F7EE-C7D5-3BFC-9967-A6AFB051DD78} = {E20F58B6-816A-3E04-ACF9-A2F79D6C0D16}
		{52089B01-6DAC-3825-948A-FF693389C7D1} = {AF6692C9-E683-3B9E-A94B-C112BEFFCC0D}
		{CFECA571-0B91-3E61-A7C4-443EBEAD44EF} = {C4C3A21C-5F87-3373-9FD9-3AB505ADF2D0}
		{85C7350F-A841-3FC1-A371-98027FE67FCD} = {0857C2BB-4FF1-361C-8C8D-156C9C595F3E}
		{FC5C4256-5781-3E44-8461-0525A879430B} = {BB1868F9-63A0-35E0-9508-0CF9306D2DBF}
	EndGlobalSection
	GlobalSection(ExtensibilityGlobals) = postSolution
		SolutionGuid = {8CD1BB03-45B5-3DCD-B335-D023A7158F95}
	EndGlobalSection
	GlobalSection(ExtensibilityAddIns) = postSolution
	EndGlobalSection
EndGlobal
