<?xml version="1.0" encoding="utf-8"?>
<Project ToolsVersion="4.0" xmlns="http://schemas.microsoft.com/developer/msbuild/2003">
  <ItemGroup>
    <Filter Include="src">
      <UniqueIdentifier>{69e47457-e389-496a-aaa4-c21343a47f4b}</UniqueIdentifier>
    </Filter>
  </ItemGroup>
  <ItemGroup>
    <ClCompile Include="..\..\Demos\ConwaysGameOfLife\src\ConwayLayer.cpp">
      <Filter>src</Filter>
    </ClCompile>
    <ClCompile Include="..\..\Demos\ConwaysGameOfLife\src\ConwaysGameOfLife.cpp">
      <Filter>src</Filter>
    </ClCompile>
  </ItemGroup>
  <ItemGroup>
    <ClInclude Include="..\..\Demos\ConwaysGameOfLife\src\ConwayLayer.h">
      <Filter>src</Filter>
    </ClInclude>
  </ItemGroup>
</Project>