// !$*UTF8*$!
{
	archiveVersion = 1;
	classes = {
	};
	objectVersion = 46;
	objects = {

/* Begin PBXBuildFile section */
		39080AD048ED37023560C110 /* main.cpp in Sources */ = {isa = PBXBuildFile; fileRef = 110BCE38B2F56A2AAA1C7C78 /* main.cpp */; };
/* End PBXBuildFile section */

/* Begin PBXContainerItemProxy section */
		2A9ED1714C6A7EA3891FA7B1 /* PBXContainerItemProxy */ = {
			isa = PBXContainerItemProxy;
			containerPortal = 07D727DEEC1E3010700B5E1E /* Watty-Core.xcodeproj */;
			proxyType = 2;
			remoteGlobalIDString = 389A3F1D3200408F259B9D5D;
			remoteInfo = "Watty-Core.lib";
		};
		7CD9440A9EA4F13CDB5A1A4A /* PBXContainerItemProxy */ = {
			isa = PBXContainerItemProxy;
			containerPortal = 07D727DEEC1E3010700B5E1E /* Watty-Core.xcodeproj */;
			proxyType = 1;
			remoteGlobalIDString = 135827632A6AC2951A86BDA3;
			remoteInfo = "Watty-Core.lib";
		};
/* End PBXContainerItemProxy section */

/* Begin PBXFileReference section */
		07D727DEEC1E3010700B5E1E /* Watty-Core.lib */ = {isa = PBXFileReference; lastKnownFileType = "wrapper.pb-project"; name = Watty-Core.xcodeproj; path = "Watty-Core.xcodeproj"; sourceTree = SOURCE_ROOT; };
		110BCE38B2F56A2AAA1C7C78 /* main.cpp */ = {isa = PBXFileReference; lastKnownFileType = sourcecode.cpp.cpp; name = main.cpp; path = ../../Demos/PlatformerDemo/src/main.cpp; sourceTree = "<group>"; };
		F12109FA47AE746C2027883A /* PlatformerDemo.exe */ = {isa = PBXFileReference; explicitFileType = "compiled.mach-o.executable"; includeInIndex = 0; name = PlatformerDemo.exe; path = PlatformerDemo.exe; sourceTree = BUILT_PRODUCTS_DIR; };
/* End PBXFileReference section */

/* Begin PBXFrameworksBuildPhase section */
		A579126A9EDF13DC927A70AA /* Frameworks */ = {
			isa = PBXFrameworksBuildPhase;
			buildActionMask = 2147483647;
			files = (
			);
			runOnlyForDeploymentPostprocessing = 0;
		};
/* End PBXFrameworksBuildPhase section */

/* Begin PBXGroup section */
		0C5B89A15C6F1E53DEED4FE1 /* PlatformerDemo */ = {
			isa = PBXGroup;
			children = (
				8F1EDA50D78FBE821C2E9090 /* Source Files */,
				A6C936B49B3FADE6EA134CF4 /* Products */,
				9D968EAA920D05DCE0E0A4EA /* Projects */,
			);
			name = PlatformerDemo;
			sourceTree = "<group>";
		};
		43FD41CB44B03EBDB892100B /* src */ = {
			isa = PBXGroup;
			children = (
				110BCE38B2F56A2AAA1C7C78 /* main.cpp */,
			);
			name = src;
			sourceTree = "<group>";
		};
		7AF17491AA834383859082D1 /* Products */ = {
			isa = PBXGroup;
			children = (
				AF6E09A6CA3A7858CE0B0FE6 /* Watty-Core.lib */,
			);
			name = Products;
			sourceTree = "<group>";
		};
		8F1EDA50D78FBE821C2E9090 /* Source Files */ = {
			isa = PBXGroup;
			children = (
				43FD41CB44B03EBDB892100B /* src */,
			);
			name = "Source Files";
			sourceTree = "<group>";
		};
		9D968EAA920D05DCE0E0A4EA /* Projects */ = {
			isa = PBXGroup;
			children = (
				07D727DEEC1E3010700B5E1E /* Watty-Core.xcodeproj */,
			);
			name = Projects;
			sourceTree = "<group>";
		};
		A6C936B49B3FADE6EA134CF4 /* Products */ = {
			isa = PBXGroup;
			children = (
				F12109FA47AE746C2027883A /* PlatformerDemo.exe */,
			);
			name = Products;
			sourceTree = "<group>";
		};
/* End PBXGroup section */

/* Begin PBXNativeTarget section */
		A4928AA0ED036ED231A240E0 /* PlatformerDemo */ = {
			isa = PBXNativeTarget;
			buildConfigurationList = 93B45AC98D1A5C3B80B5B909 /* Build configuration list for PBXNativeTarget "PlatformerDemo" */;
			buildPhases = (
				1560930A0EC6947C0261F14A /* Resources */,
				7F0DAC617873ADD36C0F0AA1 /* Sources */,
				A579126A9EDF13DC927A70AA /* Frameworks */,
			);
			buildRules = (
			);
			dependencies = (
				68A9B19A983B808C7348BFDA /* PBXTargetDependency */,
			);
			name = PlatformerDemo;
			productInstallPath = "$(HOME)/bin";
			productName = PlatformerDemo;
			productReference = F12109FA47AE746C2027883A /* PlatformerDemo.exe */;
			productType = "com.apple.product-type.tool";
		};
/* End PBXNativeTarget section */

/* Begin PBXProject section */
		08FB7793FE84155DC02AAC07 /* Project object */ = {
			isa = PBXProject;
			buildConfigurationList = 1DEB928908733DD80010E9CD /* Build configuration list for PBXProject "PlatformerDemo" */;
			compatibilityVersion = "Xcode 3.2";
			hasScannedForEncodings = 1;
			mainGroup = 0C5B89A15C6F1E53DEED4FE1 /* PlatformerDemo */;
			projectDirPath = "";
			projectReferences = (
				{
					ProductGroup = 7AF17491AA834383859082D1 /* Products */;
					ProjectRef = 07D727DEEC1E3010700B5E1E /* Watty-Core.xcodeproj */;
				},
			);
			projectRoot = "";
			targets = (
				A4928AA0ED036ED231A240E0 /* PlatformerDemo.exe */,
			);
		};
/* End PBXProject section */

/* Begin PBXReferenceProxy section */
		AF6E09A6CA3A7858CE0B0FE6 /* Watty-Core.lib */ = {
			isa = PBXReferenceProxy;
			fileType = archive.ar;
			path = "Watty-Core.lib";
			remoteRef = 2A9ED1714C6A7EA3891FA7B1 /* PBXContainerItemProxy */;
			sourceTree = BUILT_PRODUCTS_DIR;
		};
/* End PBXReferenceProxy section */

/* Begin PBXResourcesBuildPhase section */
		1560930A0EC6947C0261F14A /* Resources */ = {
			isa = PBXResourcesBuildPhase;
			buildActionMask = 2147483647;
			files = (
			);
			runOnlyForDeploymentPostprocessing = 0;
		};
/* End PBXResourcesBuildPhase section */

/* Begin PBXSourcesBuildPhase section */
		7F0DAC617873ADD36C0F0AA1 /* Sources */ = {
			isa = PBXSourcesBuildPhase;
			buildActionMask = 2147483647;
			files = (
				39080AD048ED37023560C110 /* main.cpp in Sources */,
			);
			runOnlyForDeploymentPostprocessing = 0;
		};
/* End PBXSourcesBuildPhase section */

/* Begin PBXTargetDependency section */
		68A9B19A983B808C7348BFDA /* PBXTargetDependency */ = {
			isa = PBXTargetDependency;
			name = "Watty-Core.lib";
			targetProxy = 7CD9440A9EA4F13CDB5A1A4A /* PBXContainerItemProxy */;
		};
/* End PBXTargetDependency section */

/* Begin PBXVariantGroup section */
/* End PBXVariantGroup section */

/* Begin XCBuildConfiguration section */
		0C285F500CDB5C4280BD2D90 /* Debug */ = {
			isa = XCBuildConfiguration;
			buildSettings = {
				CONFIGURATION_BUILD_DIR = "$(SYMROOT)";
				CONFIGURATION_TEMP_DIR = "$(OBJROOT)";
				COPY_PHASE_STRIP = NO;
				GCC_ENABLE_FIX_AND_CONTINUE = YES;
				GCC_OPTIMIZATION_LEVEL = 0;
				GCC_PREPROCESSOR_DEFINITIONS = (
					DEBUG,
					CRT_SECURE_NO_WARNINGS,
					_CRT_NONSTDC_NO_DEPRECATE,
					GLFW_DLL,
				);
				GCC_SYMBOLS_PRIVATE_EXTERN = NO;
				GCC_WARN_ABOUT_RETURN_TYPE = YES;
				GCC_WARN_UNUSED_VARIABLE = YES;
				HEADER_SEARCH_PATHS = (
					../../Demos/PlatformerDemo,
					"../../Watty-Core/src",
					"../../Watty-Core/ext/GLFW/include",
					"../../Watty-Core/ext/glad/include",
					"../../Watty-Core/ext/FreeImage/include",
					"../../Watty-Core/ext/imgui/include",
					"../../Watty-Core/ext/freetype-gl",
					"../../Watty-Core/ext/freetype/include",
					"$(inherited)",
				);
				LIBRARY_SEARCH_PATHS = (
					../../bin/Debug/Mac64,
					../../bin/Debug/Mac64/Demos,
					"../../Watty-Core/ext/FreeImage/lib/Debug/Mac64",
					"../../Watty-Core/ext/GLFW/lib/Debug/Mac64",
					"../../Watty-Core/ext/Freetype/lib/Debug/Mac64",
					"../../Watty-Core/ext/opengl/lib/Debug/Mac64",
				);
				OBJROOT = obj/Mac64/Debug/PlatformerDemo;
				ONLY_ACTIVE_ARCH = YES;
				OTHER_LDFLAGS = (
					"-lglfw3",
					"-lFreeImage",
					"-lFreeType",
					"-lopengl32",
				);
				SYMROOT = ../../bin/Debug/Mac64/Demos;
			};
			name = Debug;
		};
		AC254D8AA58B4EFC9926ABCA /* Release */ = {
			isa = XCBuildConfiguration;
			buildSettings = {
				CONFIGURATION_BUILD_DIR = "$(SYMROOT)";
				CONFIGURATION_TEMP_DIR = "$(OBJROOT)";
				GCC_OPTIMIZATION_LEVEL = 3;
				GCC_PREPROCESSOR_DEFINITIONS = (
					NDEBUG,
					CRT_SECURE_NO_WARNINGS,
					_CRT_NONSTDC_NO_DEPRECATE,
					GLFW_DLL,
				);
				GCC_SYMBOLS_PRIVATE_EXTERN = NO;
				GCC_WARN_ABOUT_RETURN_TYPE = YES;
				GCC_WARN_UNUSED_VARIABLE = YES;
				HEADER_SEARCH_PATHS = (
					../../Demos/PlatformerDemo,
					"../../Watty-Core/src",
					"../../Watty-Core/ext/GLFW/include",
					"../../Watty-Core/ext/glad/include",
					"../../Watty-Core/ext/FreeImage/include",
					"../../Watty-Core/ext/imgui/include",
					"../../Watty-Core/ext/freetype-gl",
					"../../Watty-Core/ext/freetype/include",
					"$(inherited)",
				);
				LIBRARY_SEARCH_PATHS = (
					../../bin/Release/Mac64,
					../../bin/Release/Mac64/Demos,
					"../../Watty-Core/ext/FreeImage/lib/Release/Mac64",
					"../../Watty-Core/ext/GLFW/lib/Release/Mac64",
					"../../Watty-Core/ext/Freetype/lib/Release/Mac64",
					"../../Watty-Core/ext/opengl/lib/Release/Mac64",
				);
				OBJROOT = obj/Mac64/Release/PlatformerDemo;
				ONLY_ACTIVE_ARCH = NO;
				OTHER_LDFLAGS = (
					"-lglfw3",
					"-lFreeImage",
					"-lFreeType",
					"-lopengl32",
				);
				SYMROOT = ../../bin/Release/Mac64/Demos;
			};
			name = Release;
		};
		C46DE50FBE2FA181F82EA34F /* Debug */ = {
			isa = XCBuildConfiguration;
			buildSettings = {
				ALWAYS_SEARCH_USER_PATHS = NO;
				CONFIGURATION_BUILD_DIR = ../../bin/Debug/Mac64/Demos;
				DEBUG_INFORMATION_FORMAT = "dwarf-with-dsym";
				GCC_DYNAMIC_NO_PIC = NO;
				INSTALL_PATH = /usr/local/bin;
				PRODUCT_NAME = PlatformerDemo.exe;
			};
			name = Debug;
		};
		DE3E7FC94F6120BB0527CE09 /* Release */ = {
			isa = XCBuildConfiguration;
			buildSettings = {
				ALWAYS_SEARCH_USER_PATHS = NO;
				CONFIGURATION_BUILD_DIR = ../../bin/Release/Mac64/Demos;
				DEBUG_INFORMATION_FORMAT = "dwarf-with-dsym";
				GCC_DYNAMIC_NO_PIC = NO;
				INSTALL_PATH = /usr/local/bin;
				PRODUCT_NAME = PlatformerDemo.exe;
			};
			name = Release;
		};
/* End XCBuildConfiguration section */

/* Begin XCConfigurationList section */
		1DEB928908733DD80010E9CD /* Build configuration list for PBXProject "PlatformerDemo" */ = {
			isa = XCConfigurationList;
			buildConfigurations = (
				0C285F500CDB5C4280BD2D90 /* Debug */,
				0C285F500CDB5C4280BD2D90 /* Debug */,
				0C285F500CDB5C4280BD2D90 /* Debug */,
				AC254D8AA58B4EFC9926ABCA /* Release */,
				AC254D8AA58B4EFC9926ABCA /* Release */,
				AC254D8AA58B4EFC9926ABCA /* Release */,
			);
			defaultConfigurationIsVisible = 0;
			defaultConfigurationName = Debug;
		};
		93B45AC98D1A5C3B80B5B909 /* Build configuration list for PBXNativeTarget "PlatformerDemo.exe" */ = {
			isa = XCConfigurationList;
			buildConfigurations = (
				C46DE50FBE2FA181F82EA34F /* Debug */,
				C46DE50FBE2FA181F82EA34F /* Debug */,
				C46DE50FBE2FA181F82EA34F /* Debug */,
				DE3E7FC94F6120BB0527CE09 /* Release */,
				DE3E7FC94F6120BB0527CE09 /* Release */,
				DE3E7FC94F6120BB0527CE09 /* Release */,
			);
			defaultConfigurationIsVisible = 0;
			defaultConfigurationName = Debug;
		};
/* End XCConfigurationList section */
};
rootObject = 08FB7793FE84155DC02AAC07 /* Project object */;
}