// !$*UTF8*$!
{
	archiveVersion = 1;
	classes = {
	};
	objectVersion = 46;
	objects = {

/* Begin PBXBuildFile section */
		00CAD85EC28369D0699E369E /* ConwaysGameOfLife.cpp in Sources */ = {isa = PBXBuildFile; fileRef = 684150061C3D6938FDEFA646 /* ConwaysGameOfLife.cpp */; };
		12E45194D799A8068C084FD4 /* ConwayLayer.cpp in Sources */ = {isa = PBXBuildFile; fileRef = 10468CDC58E5CB0E7C11831C /* ConwayLayer.cpp */; };
/* End PBXBuildFile section */

/* Begin PBXContainerItemProxy section */
		2A9ED1714C6A7EA3891FA7B1 /* PBXContainerItemProxy */ = {
			isa = PBXContainerItemProxy;
			containerPortal = 07D727DEEC1E3010700B5E1E /* Watty-Core.xcodeproj */;
			proxyType = 2;
			remoteGlobalIDString = 389A3F1D3200408F259B9D5D;
			remoteInfo = "Watty-Core.lib";
		};
		7CD9440A9EA4F13CDB5A1A4A /* PBXContainerItemProxy */ = {
			isa = PBXContainerItemProxy;
			containerPortal = 07D727DEEC1E3010700B5E1E /* Watty-Core.xcodeproj */;
			proxyType = 1;
			remoteGlobalIDString = 135827632A6AC2951A86BDA3;
			remoteInfo = "Watty-Core.lib";
		};
/* End PBXContainerItemProxy section */

/* Begin PBXFileReference section */
		07D727DEEC1E3010700B5E1E /* Watty-Core.lib */ = {isa = PBXFileReference; lastKnownFileType = "wrapper.pb-project"; name = Watty-Core.xcodeproj; path = "Watty-Core.xcodeproj"; sourceTree = SOURCE_ROOT; };
		10468CDC58E5CB0E7C11831C /* ConwayLayer.cpp */ = {isa = PBXFileReference; lastKnownFileType = sourcecode.cpp.cpp; name = ConwayLayer.cpp; path = ../../Demos/ConwaysGameOfLife/src/ConwayLayer.cpp; sourceTree = "<group>"; };
		684150061C3D6938FDEFA646 /* ConwaysGameOfLife.cpp */ = {isa = PBXFileReference; lastKnownFileType = sourcecode.cpp.cpp; name = ConwaysGameOfLife.cpp; path = ../../Demos/ConwaysGameOfLife/src/ConwaysGameOfLife.cpp; sourceTree = "<group>"; };
		75713D460F953278BFBB1386 /* ConwayLayer.h */ = {isa = PBXFileReference; lastKnownFileType = sourcecode.c.h; name = ConwayLayer.h; path = ../../Demos/ConwaysGameOfLife/src/ConwayLayer.h; sourceTree = "<group>"; };
		EAF9400C0CC4ED3E497A164C /* ConwaysGameOfLife.exe */ = {isa = PBXFileReference; explicitFileType = "compiled.mach-o.executable"; includeInIndex = 0; name = ConwaysGameOfLife.exe; path = ConwaysGameOfLife.exe; sourceTree = BUILT_PRODUCTS_DIR; };
/* End PBXFileReference section */

/* Begin PBXFrameworksBuildPhase section */
		C6550F7C0EC5F3AE5364C5BC /* Frameworks */ = {
			isa = PBXFrameworksBuildPhase;
			buildActionMask = 2147483647;
			files = (
			);
			runOnlyForDeploymentPostprocessing = 0;
		};
/* End PBXFrameworksBuildPhase section */

/* Begin PBXGroup section */
		43FD41CB44B03EBDB892100B /* src */ = {
			isa = PBXGroup;
			children = (
				10468CDC58E5CB0E7C11831C /* ConwayLayer.cpp */,
				684150061C3D6938FDEFA646 /* ConwaysGameOfLife.cpp */,
			);
			name = src;
			sourceTree = "<group>";
		};
		572C1D0357DF19F5CBC0EB43 /* src */ = {
			isa = PBXGroup;
			children = (
				75713D460F953278BFBB1386 /* ConwayLayer.h */,
			);
			name = src;
			sourceTree = "<group>";
		};
		7AF17491AA834383859082D1 /* Products */ = {
			isa = PBXGroup;
			children = (
				AF6E09A6CA3A7858CE0B0FE6 /* Watty-Core.lib */,
			);
			name = Products;
			sourceTree = "<group>";
		};
		8F1EDA50D78FBE821C2E9090 /* Source Files */ = {
			isa = PBXGroup;
			children = (
				43FD41CB44B03EBDB892100B /* src */,
			);
			name = "Source Files";
			sourceTree = "<group>";
		};
		9D968EAA920D05DCE0E0A4EA /* Projects */ = {
			isa = PBXGroup;
			children = (
				07D727DEEC1E3010700B5E1E /* Watty-Core.xcodeproj */,
			);
			name = Projects;
			sourceTree = "<group>";
		};
		A6C936B49B3FADE6EA134CF4 /* Products */ = {
			isa = PBXGroup;
			children = (
				EAF9400C0CC4ED3E497A164C /* ConwaysGameOfLife.exe */,
			);
			name = Products;
			sourceTree = "<group>";
		};
		C98A48C011FB2CF25699FF00 /* Header Files */ = {
			isa = PBXGroup;
			children = (
				572C1D0357DF19F5CBC0EB43 /* src */,
			);
			name = "Header Files";
			sourceTree = "<group>";
		};
		E8C81DF3F584CD656A6F3C33 /* ConwaysGameOfLife */ = {
			isa = PBXGroup;
			children = (
				C98A48C011FB2CF25699FF00 /* Header Files */,
				8F1EDA50D78FBE821C2E9090 /* Source Files */,
				A6C936B49B3FADE6EA134CF4 /* Products */,
				9D968EAA920D05DCE0E0A4EA /* Projects */,
			);
			name = ConwaysGameOfLife;
			sourceTree = "<group>";
		};
/* End PBXGroup section */

/* Begin PBXNativeTarget section */
		6653467295E5156470F254B2 /* ConwaysGameOfLife */ = {
			isa = PBXNativeTarget;
			buildConfigurationList = B49057DBFD013C0D41A00E1B /* Build configuration list for PBXNativeTarget "ConwaysGameOfLife" */;
			buildPhases = (
				363C901C7EAD744EC34C465C /* Resources */,
				9FE9A973E85A8DA52CF95FB3 /* Sources */,
				C6550F7C0EC5F3AE5364C5BC /* Frameworks */,
			);
			buildRules = (
			);
			dependencies = (
				68A9B19A983B808C7348BFDA /* PBXTargetDependency */,
			);
			name = ConwaysGameOfLife;
			productInstallPath = "$(HOME)/bin";
			productName = ConwaysGameOfLife;
			productReference = EAF9400C0CC4ED3E497A164C /* ConwaysGameOfLife.exe */;
			productType = "com.apple.product-type.tool";
		};
/* End PBXNativeTarget section */

/* Begin PBXProject section */
		08FB7793FE84155DC02AAC07 /* Project object */ = {
			isa = PBXProject;
			buildConfigurationList = 1DEB928908733DD80010E9CD /* Build configuration list for PBXProject "ConwaysGameOfLife" */;
			compatibilityVersion = "Xcode 3.2";
			hasScannedForEncodings = 1;
			mainGroup = E8C81DF3F584CD656A6F3C33 /* ConwaysGameOfLife */;
			projectDirPath = "";
			projectReferences = (
				{
					ProductGroup = 7AF17491AA834383859082D1 /* Products */;
					ProjectRef = 07D727DEEC1E3010700B5E1E /* Watty-Core.xcodeproj */;
				},
			);
			projectRoot = "";
			targets = (
				6653467295E5156470F254B2 /* ConwaysGameOfLife.exe */,
			);
		};
/* End PBXProject section */

/* Begin PBXReferenceProxy section */
		AF6E09A6CA3A7858CE0B0FE6 /* Watty-Core.lib */ = {
			isa = PBXReferenceProxy;
			fileType = archive.ar;
			path = "Watty-Core.lib";
			remoteRef = 2A9ED1714C6A7EA3891FA7B1 /* PBXContainerItemProxy */;
			sourceTree = BUILT_PRODUCTS_DIR;
		};
/* End PBXReferenceProxy section */

/* Begin PBXResourcesBuildPhase section */
		363C901C7EAD744EC34C465C /* Resources */ = {
			isa = PBXResourcesBuildPhase;
			buildActionMask = 2147483647;
			files = (
			);
			runOnlyForDeploymentPostprocessing = 0;
		};
/* End PBXResourcesBuildPhase section */

/* Begin PBXSourcesBuildPhase section */
		9FE9A973E85A8DA52CF95FB3 /* Sources */ = {
			isa = PBXSourcesBuildPhase;
			buildActionMask = 2147483647;
			files = (
				12E45194D799A8068C084FD4 /* ConwayLayer.cpp in Sources */,
				00CAD85EC28369D0699E369E /* ConwaysGameOfLife.cpp in Sources */,
			);
			runOnlyForDeploymentPostprocessing = 0;
		};
/* End PBXSourcesBuildPhase section */

/* Begin PBXTargetDependency section */
		68A9B19A983B808C7348BFDA /* PBXTargetDependency */ = {
			isa = PBXTargetDependency;
			name = "Watty-Core.lib";
			targetProxy = 7CD9440A9EA4F13CDB5A1A4A /* PBXContainerItemProxy */;
		};
/* End PBXTargetDependency section */

/* Begin PBXVariantGroup section */
/* End PBXVariantGroup section */

/* Begin XCBuildConfiguration section */
		095DEFE22F841F94968B1622 /* Debug */ = {
			isa = XCBuildConfiguration;
			buildSettings = {
				CONFIGURATION_BUILD_DIR = "$(SYMROOT)";
				CONFIGURATION_TEMP_DIR = "$(OBJROOT)";
				COPY_PHASE_STRIP = NO;
				GCC_ENABLE_FIX_AND_CONTINUE = YES;
				GCC_OPTIMIZATION_LEVEL = 0;
				GCC_PREPROCESSOR_DEFINITIONS = (
					DEBUG,
					CRT_SECURE_NO_WARNINGS,
					_CRT_NONSTDC_NO_DEPRECATE,
					GLFW_DLL,
				);
				GCC_SYMBOLS_PRIVATE_EXTERN = NO;
				GCC_WARN_ABOUT_RETURN_TYPE = YES;
				GCC_WARN_UNUSED_VARIABLE = YES;
				HEADER_SEARCH_PATHS = (
					../../Demos/ConwaysGameOfLife,
					"../../Watty-Core/src",
					"../../Watty-Core/ext/GLFW/include",
					"../../Watty-Core/ext/glad/include",
					"../../Watty-Core/ext/FreeImage/include",
					"../../Watty-Core/ext/imgui/include",
					"../../Watty-Core/ext/freetype-gl",
					"../../Watty-Core/ext/freetype/include",
					"$(inherited)",
				);
				LIBRARY_SEARCH_PATHS = (
					../../bin/Debug/Mac64,
					../../bin/Debug/Mac64/Demos,
					"../../Watty-Core/ext/FreeImage/lib/Debug/Mac64",
					"../../Watty-Core/ext/GLFW/lib/Debug/Mac64",
					"../../Watty-Core/ext/Freetype/lib/Debug/Mac64",
					"../../Watty-Core/ext/opengl/lib/Debug/Mac64",
				);
				OBJROOT = obj/Mac64/Debug/ConwaysGameOfLife;
				ONLY_ACTIVE_ARCH = YES;
				OTHER_LDFLAGS = (
					"-lglfw3",
					"-lFreeImage",
					"-lFreeType",
					"-lopengl32",
				);
				SYMROOT = ../../bin/Debug/Mac64/Demos;
			};
			name = Debug;
		};
		86DC0D211C52CC538AEF2361 /* Debug */ = {
			isa = XCBuildConfiguration;
			buildSettings = {
				ALWAYS_SEARCH_USER_PATHS = NO;
				CONFIGURATION_BUILD_DIR = ../../bin/Debug/Mac64/Demos;
				DEBUG_INFORMATION_FORMAT = "dwarf-with-dsym";
				GCC_DYNAMIC_NO_PIC = NO;
				INSTALL_PATH = /usr/local/bin;
				PRODUCT_NAME = ConwaysGameOfLife.exe;
			};
			name = Debug;
		};
		CD014A9C15722ECE5A1100DC /* Release */ = {
			isa = XCBuildConfiguration;
			buildSettings = {
				CONFIGURATION_BUILD_DIR = "$(SYMROOT)";
				CONFIGURATION_TEMP_DIR = "$(OBJROOT)";
				GCC_OPTIMIZATION_LEVEL = 3;
				GCC_PREPROCESSOR_DEFINITIONS = (
					NDEBUG,
					CRT_SECURE_NO_WARNINGS,
					_CRT_NONSTDC_NO_DEPRECATE,
					GLFW_DLL,
				);
				GCC_SYMBOLS_PRIVATE_EXTERN = NO;
				GCC_WARN_ABOUT_RETURN_TYPE = YES;
				GCC_WARN_UNUSED_VARIABLE = YES;
				HEADER_SEARCH_PATHS = (
					../../Demos/ConwaysGameOfLife,
					"../../Watty-Core/src",
					"../../Watty-Core/ext/GLFW/include",
					"../../Watty-Core/ext/glad/include",
					"../../Watty-Core/ext/FreeImage/include",
					"../../Watty-Core/ext/imgui/include",
					"../../Watty-Core/ext/freetype-gl",
					"../../Watty-Core/ext/freetype/include",
					"$(inherited)",
				);
				LIBRARY_SEARCH_PATHS = (
					../../bin/Release/Mac64,
					../../bin/Release/Mac64/Demos,
					"../../Watty-Core/ext/FreeImage/lib/Release/Mac64",
					"../../Watty-Core/ext/GLFW/lib/Release/Mac64",
					"../../Watty-Core/ext/Freetype/lib/Release/Mac64",
					"../../Watty-Core/ext/opengl/lib/Release/Mac64",
				);
				OBJROOT = obj/Mac64/Release/ConwaysGameOfLife;
				ONLY_ACTIVE_ARCH = NO;
				OTHER_LDFLAGS = (
					"-lglfw3",
					"-lFreeImage",
					"-lFreeType",
					"-lopengl32",
				);
				SYMROOT = ../../bin/Release/Mac64/Demos;
			};
			name = Release;
		};
		F4D6F45BC2FA480D4A089A9B /* Release */ = {
			isa = XCBuildConfiguration;
			buildSettings = {
				ALWAYS_SEARCH_USER_PATHS = NO;
				CONFIGURATION_BUILD_DIR = ../../bin/Release/Mac64/Demos;
				DEBUG_INFORMATION_FORMAT = "dwarf-with-dsym";
				GCC_DYNAMIC_NO_PIC = NO;
				INSTALL_PATH = /usr/local/bin;
				PRODUCT_NAME = ConwaysGameOfLife.exe;
			};
			name = Release;
		};
/* End XCBuildConfiguration section */

/* Begin XCConfigurationList section */
		1DEB928908733DD80010E9CD /* Build configuration list for PBXProject "ConwaysGameOfLife" */ = {
			isa = XCConfigurationList;
			buildConfigurations = (
				095DEFE22F841F94968B1622 /* Debug */,
				095DEFE22F841F94968B1622 /* Debug */,
				095DEFE22F841F94968B1622 /* Debug */,
				CD014A9C15722ECE5A1100DC /* Release */,
				CD014A9C15722ECE5A1100DC /* Release */,
				CD014A9C15722ECE5A1100DC /* Release */,
			);
			defaultConfigurationIsVisible = 0;
			defaultConfigurationName = Debug;
		};
		B49057DBFD013C0D41A00E1B /* Build configuration list for PBXNativeTarget "ConwaysGameOfLife.exe" */ = {
			isa = XCConfigurationList;
			buildConfigurations = (
				86DC0D211C52CC538AEF2361 /* Debug */,
				86DC0D211C52CC538AEF2361 /* Debug */,
				86DC0D211C52CC538AEF2361 /* Debug */,
				F4D6F45BC2FA480D4A089A9B /* Release */,
				F4D6F45BC2FA480D4A089A9B /* Release */,
				F4D6F45BC2FA480D4A089A9B /* Release */,
			);
			defaultConfigurationIsVisible = 0;
			defaultConfigurationName = Debug;
		};
/* End XCConfigurationList section */
};
rootObject = 08FB7793FE84155DC02AAC07 /* Project object */;
}