<?xml version="1.0" encoding="utf-8"?>
<Project ToolsVersion="16.0" xmlns="http://schemas.microsoft.com/developer/msbuild/2003">
  <ItemGroup>
    <ClCompile Include="J:\OneDrive\Projects\Game_Development\Watty\dependencies\glad\src\glad.c">
      <Filter>Source Files</Filter>
    </ClCompile>
  </ItemGroup>
  <ItemGroup>
    <Filter Include="Source Files">
      <UniqueIdentifier>{E2526C8F-CF47-35DD-A1DE-A65FCE737956}</UniqueIdentifier>
    </Filter>
  </ItemGroup>
</Project>
